// !$*UTF8*$!
{
	archiveVersion = 1;
	classes = {
	};
	objectVersion = 50;
	objects = {

/* Begin PBXBuildFile section */
		308BCFF625627CDB009E4DEE /* CitadelApp.swift in Sources */ = {isa = PBXBuildFile; fileRef = 308BCFE325627CD8009E4DEE /* CitadelApp.swift */; };
		308BCFF725627CDB009E4DEE /* CitadelApp.swift in Sources */ = {isa = PBXBuildFile; fileRef = 308BCFE325627CD8009E4DEE /* CitadelApp.swift */; };
		308BCFF825627CDB009E4DEE /* ContentView.swift in Sources */ = {isa = PBXBuildFile; fileRef = 308BCFE425627CD8009E4DEE /* ContentView.swift */; };
		308BCFF925627CDB009E4DEE /* ContentView.swift in Sources */ = {isa = PBXBuildFile; fileRef = 308BCFE425627CD8009E4DEE /* ContentView.swift */; };
		308BCFFA25627CDB009E4DEE /* Assets.xcassets in Resources */ = {isa = PBXBuildFile; fileRef = 308BCFE525627CDB009E4DEE /* Assets.xcassets */; };
		308BCFFB25627CDB009E4DEE /* Assets.xcassets in Resources */ = {isa = PBXBuildFile; fileRef = 308BCFE525627CDB009E4DEE /* Assets.xcassets */; };
		308BD00C25627E21009E4DEE /* DisplayInfo.swift in Sources */ = {isa = PBXBuildFile; fileRef = 308BD00B25627E21009E4DEE /* DisplayInfo.swift */; };
		308BD00D25627E21009E4DEE /* DisplayInfo.swift in Sources */ = {isa = PBXBuildFile; fileRef = 308BD00B25627E21009E4DEE /* DisplayInfo.swift */; };
		308BD0132562810B009E4DEE /* BalancePager.swift in Sources */ = {isa = PBXBuildFile; fileRef = 308BD0122562810B009E4DEE /* BalancePager.swift */; };
		308BD0142562810B009E4DEE /* BalancePager.swift in Sources */ = {isa = PBXBuildFile; fileRef = 308BD0122562810B009E4DEE /* BalancePager.swift */; };
		308BD01825628135009E4DEE /* BalanceCard.swift in Sources */ = {isa = PBXBuildFile; fileRef = 308BD01725628135009E4DEE /* BalanceCard.swift */; };
		308BD01925628135009E4DEE /* BalanceCard.swift in Sources */ = {isa = PBXBuildFile; fileRef = 308BD01725628135009E4DEE /* BalanceCard.swift */; };
		308BD01F256282B3009E4DEE /* DumbData.swift in Sources */ = {isa = PBXBuildFile; fileRef = 308BD01E256282B3009E4DEE /* DumbData.swift */; };
		308BD020256282B3009E4DEE /* DumbData.swift in Sources */ = {isa = PBXBuildFile; fileRef = 308BD01E256282B3009E4DEE /* DumbData.swift */; };
		308BD0242562A258009E4DEE /* WalletView.swift in Sources */ = {isa = PBXBuildFile; fileRef = 308BD0232562A258009E4DEE /* WalletView.swift */; };
		308BD0252562A258009E4DEE /* WalletView.swift in Sources */ = {isa = PBXBuildFile; fileRef = 308BD0232562A258009E4DEE /* WalletView.swift */; };
		308BD0292562A3D9009E4DEE /* TransactionView.swift in Sources */ = {isa = PBXBuildFile; fileRef = 308BD0282562A3D9009E4DEE /* TransactionView.swift */; };
		308BD02A2562A3D9009E4DEE /* TransactionView.swift in Sources */ = {isa = PBXBuildFile; fileRef = 308BD0282562A3D9009E4DEE /* TransactionView.swift */; };
		308BD02E2562C808009E4DEE /* AppView.swift in Sources */ = {isa = PBXBuildFile; fileRef = 308BD02D2562C808009E4DEE /* AppView.swift */; };
		308BD02F2562C808009E4DEE /* AppView.swift in Sources */ = {isa = PBXBuildFile; fileRef = 308BD02D2562C808009E4DEE /* AppView.swift */; };
		308BD03425631E8A009E4DEE /* AddAccount.swift in Sources */ = {isa = PBXBuildFile; fileRef = 308BD03325631E8A009E4DEE /* AddAccount.swift */; };
		308BD03525631E8A009E4DEE /* AddAccount.swift in Sources */ = {isa = PBXBuildFile; fileRef = 308BD03325631E8A009E4DEE /* AddAccount.swift */; };
/* End PBXBuildFile section */

/* Begin PBXFileReference section */
		308BCFE325627CD8009E4DEE /* CitadelApp.swift */ = {isa = PBXFileReference; lastKnownFileType = sourcecode.swift; path = CitadelApp.swift; sourceTree = "<group>"; };
		308BCFE425627CD8009E4DEE /* ContentView.swift */ = {isa = PBXFileReference; lastKnownFileType = sourcecode.swift; path = ContentView.swift; sourceTree = "<group>"; };
		308BCFE525627CDB009E4DEE /* Assets.xcassets */ = {isa = PBXFileReference; lastKnownFileType = folder.assetcatalog; path = Assets.xcassets; sourceTree = "<group>"; };
		308BCFEA25627CDB009E4DEE /* My Citadel.app */ = {isa = PBXFileReference; explicitFileType = wrapper.application; includeInIndex = 0; path = "My Citadel.app"; sourceTree = BUILT_PRODUCTS_DIR; };
		308BCFED25627CDB009E4DEE /* Info.plist */ = {isa = PBXFileReference; lastKnownFileType = text.plist.xml; path = Info.plist; sourceTree = "<group>"; };
		308BCFF225627CDB009E4DEE /* My Citadel.app */ = {isa = PBXFileReference; explicitFileType = wrapper.application; includeInIndex = 0; path = "My Citadel.app"; sourceTree = BUILT_PRODUCTS_DIR; };
		308BCFF425627CDB009E4DEE /* Info.plist */ = {isa = PBXFileReference; lastKnownFileType = text.plist.xml; path = Info.plist; sourceTree = "<group>"; };
		308BCFF525627CDB009E4DEE /* macOS.entitlements */ = {isa = PBXFileReference; lastKnownFileType = text.plist.entitlements; path = macOS.entitlements; sourceTree = "<group>"; };
		308BD00B25627E21009E4DEE /* DisplayInfo.swift */ = {isa = PBXFileReference; lastKnownFileType = sourcecode.swift; path = DisplayInfo.swift; sourceTree = "<group>"; };
		308BD0122562810B009E4DEE /* BalancePager.swift */ = {isa = PBXFileReference; lastKnownFileType = sourcecode.swift; path = BalancePager.swift; sourceTree = "<group>"; };
		308BD01725628135009E4DEE /* BalanceCard.swift */ = {isa = PBXFileReference; lastKnownFileType = sourcecode.swift; path = BalanceCard.swift; sourceTree = "<group>"; };
		308BD01E256282B3009E4DEE /* DumbData.swift */ = {isa = PBXFileReference; lastKnownFileType = sourcecode.swift; path = DumbData.swift; sourceTree = "<group>"; };
		308BD0232562A258009E4DEE /* WalletView.swift */ = {isa = PBXFileReference; lastKnownFileType = sourcecode.swift; path = WalletView.swift; sourceTree = "<group>"; };
		308BD0282562A3D9009E4DEE /* TransactionView.swift */ = {isa = PBXFileReference; lastKnownFileType = sourcecode.swift; path = TransactionView.swift; sourceTree = "<group>"; };
		308BD02D2562C808009E4DEE /* AppView.swift */ = {isa = PBXFileReference; lastKnownFileType = sourcecode.swift; path = AppView.swift; sourceTree = "<group>"; };
		308BD03325631E8A009E4DEE /* AddAccount.swift */ = {isa = PBXFileReference; lastKnownFileType = sourcecode.swift; path = AddAccount.swift; sourceTree = "<group>"; };
		30A6CEA325632E0D002F30B0 /* My Citadel.entitlements */ = {isa = PBXFileReference; lastKnownFileType = text.plist.entitlements; path = "My Citadel.entitlements"; sourceTree = "<group>"; };
/* End PBXFileReference section */

/* Begin PBXFrameworksBuildPhase section */
		308BCFE725627CDB009E4DEE /* Frameworks */ = {
			isa = PBXFrameworksBuildPhase;
			buildActionMask = 2147483647;
			files = (
			);
			runOnlyForDeploymentPostprocessing = 0;
		};
		308BCFEF25627CDB009E4DEE /* Frameworks */ = {
			isa = PBXFrameworksBuildPhase;
			buildActionMask = 2147483647;
			files = (
			);
			runOnlyForDeploymentPostprocessing = 0;
		};
/* End PBXFrameworksBuildPhase section */

/* Begin PBXGroup section */
		308BCFDD25627CD8009E4DEE = {
			isa = PBXGroup;
			children = (
				30A6CEA325632E0D002F30B0 /* My Citadel.entitlements */,
				308BCFE225627CD8009E4DEE /* Shared */,
				308BCFEC25627CDB009E4DEE /* iOS */,
				308BCFF325627CDB009E4DEE /* macOS */,
				308BCFEB25627CDB009E4DEE /* Products */,
			);
			sourceTree = "<group>";
		};
		308BCFE225627CD8009E4DEE /* Shared */ = {
			isa = PBXGroup;
			children = (
				308BD03225631E74009E4DEE /* Sheets */,
				308BD00A25627DD4009E4DEE /* Model */,
				308BCFE325627CD8009E4DEE /* CitadelApp.swift */,
				308BCFE425627CD8009E4DEE /* ContentView.swift */,
				308BD02D2562C808009E4DEE /* AppView.swift */,
				308BD0122562810B009E4DEE /* BalancePager.swift */,
				308BD01725628135009E4DEE /* BalanceCard.swift */,
				308BD01E256282B3009E4DEE /* DumbData.swift */,
				308BD0232562A258009E4DEE /* WalletView.swift */,
				308BD0282562A3D9009E4DEE /* TransactionView.swift */,
				308BCFE525627CDB009E4DEE /* Assets.xcassets */,
			);
			path = Shared;
			sourceTree = "<group>";
		};
		308BCFEB25627CDB009E4DEE /* Products */ = {
			isa = PBXGroup;
			children = (
				308BCFEA25627CDB009E4DEE /* My Citadel.app */,
				308BCFF225627CDB009E4DEE /* My Citadel.app */,
			);
			name = Products;
			sourceTree = "<group>";
		};
		308BCFEC25627CDB009E4DEE /* iOS */ = {
			isa = PBXGroup;
			children = (
				308BCFED25627CDB009E4DEE /* Info.plist */,
			);
			path = iOS;
			sourceTree = "<group>";
		};
		308BCFF325627CDB009E4DEE /* macOS */ = {
			isa = PBXGroup;
			children = (
				308BCFF425627CDB009E4DEE /* Info.plist */,
				308BCFF525627CDB009E4DEE /* macOS.entitlements */,
			);
			path = macOS;
			sourceTree = "<group>";
		};
		308BD00A25627DD4009E4DEE /* Model */ = {
			isa = PBXGroup;
			children = (
				308BD00B25627E21009E4DEE /* DisplayInfo.swift */,
			);
			path = Model;
			sourceTree = "<group>";
		};
		308BD03225631E74009E4DEE /* Sheets */ = {
			isa = PBXGroup;
			children = (
				308BD03325631E8A009E4DEE /* AddAccount.swift */,
			);
			path = Sheets;
			sourceTree = "<group>";
		};
/* End PBXGroup section */

/* Begin PBXNativeTarget section */
		308BCFE925627CDB009E4DEE /* My Citadel (iOS) */ = {
			isa = PBXNativeTarget;
			buildConfigurationList = 308BCFFE25627CDB009E4DEE /* Build configuration list for PBXNativeTarget "My Citadel (iOS)" */;
			buildPhases = (
				308BCFE625627CDB009E4DEE /* Sources */,
				308BCFE725627CDB009E4DEE /* Frameworks */,
				308BCFE825627CDB009E4DEE /* Resources */,
			);
			buildRules = (
			);
			dependencies = (
			);
			name = "My Citadel (iOS)";
			productName = "My Citadel (iOS)";
			productReference = 308BCFEA25627CDB009E4DEE /* My Citadel.app */;
			productType = "com.apple.product-type.application";
		};
		308BCFF125627CDB009E4DEE /* My Citadel (macOS) */ = {
			isa = PBXNativeTarget;
			buildConfigurationList = 308BD00125627CDB009E4DEE /* Build configuration list for PBXNativeTarget "My Citadel (macOS)" */;
			buildPhases = (
				308BCFEE25627CDB009E4DEE /* Sources */,
				308BCFEF25627CDB009E4DEE /* Frameworks */,
				308BCFF025627CDB009E4DEE /* Resources */,
			);
			buildRules = (
			);
			dependencies = (
			);
			name = "My Citadel (macOS)";
			productName = "My Citadel (macOS)";
			productReference = 308BCFF225627CDB009E4DEE /* My Citadel.app */;
			productType = "com.apple.product-type.application";
		};
/* End PBXNativeTarget section */

/* Begin PBXProject section */
		308BCFDE25627CD8009E4DEE /* Project object */ = {
			isa = PBXProject;
			attributes = {
				LastSwiftUpdateCheck = 1220;
				LastUpgradeCheck = 1220;
				TargetAttributes = {
					308BCFE925627CDB009E4DEE = {
						CreatedOnToolsVersion = 12.2;
					};
					308BCFF125627CDB009E4DEE = {
						CreatedOnToolsVersion = 12.2;
					};
				};
			};
			buildConfigurationList = 308BCFE125627CD8009E4DEE /* Build configuration list for PBXProject "My Citadel" */;
			compatibilityVersion = "Xcode 9.3";
			developmentRegion = en;
			hasScannedForEncodings = 0;
			knownRegions = (
				en,
				Base,
			);
			mainGroup = 308BCFDD25627CD8009E4DEE;
			productRefGroup = 308BCFEB25627CDB009E4DEE /* Products */;
			projectDirPath = "";
			projectRoot = "";
			targets = (
				308BCFE925627CDB009E4DEE /* My Citadel (iOS) */,
				308BCFF125627CDB009E4DEE /* My Citadel (macOS) */,
			);
		};
/* End PBXProject section */

/* Begin PBXResourcesBuildPhase section */
		308BCFE825627CDB009E4DEE /* Resources */ = {
			isa = PBXResourcesBuildPhase;
			buildActionMask = 2147483647;
			files = (
				308BCFFA25627CDB009E4DEE /* Assets.xcassets in Resources */,
			);
			runOnlyForDeploymentPostprocessing = 0;
		};
		308BCFF025627CDB009E4DEE /* Resources */ = {
			isa = PBXResourcesBuildPhase;
			buildActionMask = 2147483647;
			files = (
				308BCFFB25627CDB009E4DEE /* Assets.xcassets in Resources */,
			);
			runOnlyForDeploymentPostprocessing = 0;
		};
/* End PBXResourcesBuildPhase section */

/* Begin PBXSourcesBuildPhase section */
		308BCFE625627CDB009E4DEE /* Sources */ = {
			isa = PBXSourcesBuildPhase;
			buildActionMask = 2147483647;
			files = (
				308BCFF825627CDB009E4DEE /* ContentView.swift in Sources */,
				308BD03425631E8A009E4DEE /* AddAccount.swift in Sources */,
				308BD0292562A3D9009E4DEE /* TransactionView.swift in Sources */,
				308BD02E2562C808009E4DEE /* AppView.swift in Sources */,
				308BCFF625627CDB009E4DEE /* CitadelApp.swift in Sources */,
				308BD0132562810B009E4DEE /* BalancePager.swift in Sources */,
				308BD0242562A258009E4DEE /* WalletView.swift in Sources */,
				308BD01F256282B3009E4DEE /* DumbData.swift in Sources */,
				308BD01825628135009E4DEE /* BalanceCard.swift in Sources */,
				308BD00C25627E21009E4DEE /* DisplayInfo.swift in Sources */,
			);
			runOnlyForDeploymentPostprocessing = 0;
		};
		308BCFEE25627CDB009E4DEE /* Sources */ = {
			isa = PBXSourcesBuildPhase;
			buildActionMask = 2147483647;
			files = (
				308BCFF925627CDB009E4DEE /* ContentView.swift in Sources */,
				308BD03525631E8A009E4DEE /* AddAccount.swift in Sources */,
				308BD02A2562A3D9009E4DEE /* TransactionView.swift in Sources */,
				308BD02F2562C808009E4DEE /* AppView.swift in Sources */,
				308BCFF725627CDB009E4DEE /* CitadelApp.swift in Sources */,
				308BD0142562810B009E4DEE /* BalancePager.swift in Sources */,
				308BD0252562A258009E4DEE /* WalletView.swift in Sources */,
				308BD020256282B3009E4DEE /* DumbData.swift in Sources */,
				308BD01925628135009E4DEE /* BalanceCard.swift in Sources */,
				308BD00D25627E21009E4DEE /* DisplayInfo.swift in Sources */,
			);
			runOnlyForDeploymentPostprocessing = 0;
		};
/* End PBXSourcesBuildPhase section */

/* Begin XCBuildConfiguration section */
		308BCFFC25627CDB009E4DEE /* Debug */ = {
			isa = XCBuildConfiguration;
			buildSettings = {
				ALWAYS_SEARCH_USER_PATHS = NO;
				CLANG_ANALYZER_NONNULL = YES;
				CLANG_ANALYZER_NUMBER_OBJECT_CONVERSION = YES_AGGRESSIVE;
				CLANG_CXX_LANGUAGE_STANDARD = "gnu++14";
				CLANG_CXX_LIBRARY = "libc++";
				CLANG_ENABLE_MODULES = YES;
				CLANG_ENABLE_OBJC_ARC = YES;
				CLANG_ENABLE_OBJC_WEAK = YES;
				CLANG_WARN_BLOCK_CAPTURE_AUTORELEASING = YES;
				CLANG_WARN_BOOL_CONVERSION = YES;
				CLANG_WARN_COMMA = YES;
				CLANG_WARN_CONSTANT_CONVERSION = YES;
				CLANG_WARN_DEPRECATED_OBJC_IMPLEMENTATIONS = YES;
				CLANG_WARN_DIRECT_OBJC_ISA_USAGE = YES_ERROR;
				CLANG_WARN_DOCUMENTATION_COMMENTS = YES;
				CLANG_WARN_EMPTY_BODY = YES;
				CLANG_WARN_ENUM_CONVERSION = YES;
				CLANG_WARN_INFINITE_RECURSION = YES;
				CLANG_WARN_INT_CONVERSION = YES;
				CLANG_WARN_NON_LITERAL_NULL_CONVERSION = YES;
				CLANG_WARN_OBJC_IMPLICIT_RETAIN_SELF = YES;
				CLANG_WARN_OBJC_LITERAL_CONVERSION = YES;
				CLANG_WARN_OBJC_ROOT_CLASS = YES_ERROR;
				CLANG_WARN_QUOTED_INCLUDE_IN_FRAMEWORK_HEADER = YES;
				CLANG_WARN_RANGE_LOOP_ANALYSIS = YES;
				CLANG_WARN_STRICT_PROTOTYPES = YES;
				CLANG_WARN_SUSPICIOUS_MOVE = YES;
				CLANG_WARN_UNGUARDED_AVAILABILITY = YES_AGGRESSIVE;
				CLANG_WARN_UNREACHABLE_CODE = YES;
				CLANG_WARN__DUPLICATE_METHOD_MATCH = YES;
				COPY_PHASE_STRIP = NO;
				DEBUG_INFORMATION_FORMAT = dwarf;
				ENABLE_STRICT_OBJC_MSGSEND = YES;
				ENABLE_TESTABILITY = YES;
				GCC_C_LANGUAGE_STANDARD = gnu11;
				GCC_DYNAMIC_NO_PIC = NO;
				GCC_NO_COMMON_BLOCKS = YES;
				GCC_OPTIMIZATION_LEVEL = 0;
				GCC_PREPROCESSOR_DEFINITIONS = (
					"DEBUG=1",
					"$(inherited)",
				);
				GCC_WARN_64_TO_32_BIT_CONVERSION = YES;
				GCC_WARN_ABOUT_RETURN_TYPE = YES_ERROR;
				GCC_WARN_UNDECLARED_SELECTOR = YES;
				GCC_WARN_UNINITIALIZED_AUTOS = YES_AGGRESSIVE;
				GCC_WARN_UNUSED_FUNCTION = YES;
				GCC_WARN_UNUSED_VARIABLE = YES;
				MTL_ENABLE_DEBUG_INFO = INCLUDE_SOURCE;
				MTL_FAST_MATH = YES;
				ONLY_ACTIVE_ARCH = YES;
				SWIFT_ACTIVE_COMPILATION_CONDITIONS = DEBUG;
				SWIFT_OPTIMIZATION_LEVEL = "-Onone";
			};
			name = Debug;
		};
		308BCFFD25627CDB009E4DEE /* Release */ = {
			isa = XCBuildConfiguration;
			buildSettings = {
				ALWAYS_SEARCH_USER_PATHS = NO;
				CLANG_ANALYZER_NONNULL = YES;
				CLANG_ANALYZER_NUMBER_OBJECT_CONVERSION = YES_AGGRESSIVE;
				CLANG_CXX_LANGUAGE_STANDARD = "gnu++14";
				CLANG_CXX_LIBRARY = "libc++";
				CLANG_ENABLE_MODULES = YES;
				CLANG_ENABLE_OBJC_ARC = YES;
				CLANG_ENABLE_OBJC_WEAK = YES;
				CLANG_WARN_BLOCK_CAPTURE_AUTORELEASING = YES;
				CLANG_WARN_BOOL_CONVERSION = YES;
				CLANG_WARN_COMMA = YES;
				CLANG_WARN_CONSTANT_CONVERSION = YES;
				CLANG_WARN_DEPRECATED_OBJC_IMPLEMENTATIONS = YES;
				CLANG_WARN_DIRECT_OBJC_ISA_USAGE = YES_ERROR;
				CLANG_WARN_DOCUMENTATION_COMMENTS = YES;
				CLANG_WARN_EMPTY_BODY = YES;
				CLANG_WARN_ENUM_CONVERSION = YES;
				CLANG_WARN_INFINITE_RECURSION = YES;
				CLANG_WARN_INT_CONVERSION = YES;
				CLANG_WARN_NON_LITERAL_NULL_CONVERSION = YES;
				CLANG_WARN_OBJC_IMPLICIT_RETAIN_SELF = YES;
				CLANG_WARN_OBJC_LITERAL_CONVERSION = YES;
				CLANG_WARN_OBJC_ROOT_CLASS = YES_ERROR;
				CLANG_WARN_QUOTED_INCLUDE_IN_FRAMEWORK_HEADER = YES;
				CLANG_WARN_RANGE_LOOP_ANALYSIS = YES;
				CLANG_WARN_STRICT_PROTOTYPES = YES;
				CLANG_WARN_SUSPICIOUS_MOVE = YES;
				CLANG_WARN_UNGUARDED_AVAILABILITY = YES_AGGRESSIVE;
				CLANG_WARN_UNREACHABLE_CODE = YES;
				CLANG_WARN__DUPLICATE_METHOD_MATCH = YES;
				COPY_PHASE_STRIP = NO;
				DEBUG_INFORMATION_FORMAT = "dwarf-with-dsym";
				ENABLE_NS_ASSERTIONS = NO;
				ENABLE_STRICT_OBJC_MSGSEND = YES;
				GCC_C_LANGUAGE_STANDARD = gnu11;
				GCC_NO_COMMON_BLOCKS = YES;
				GCC_WARN_64_TO_32_BIT_CONVERSION = YES;
				GCC_WARN_ABOUT_RETURN_TYPE = YES_ERROR;
				GCC_WARN_UNDECLARED_SELECTOR = YES;
				GCC_WARN_UNINITIALIZED_AUTOS = YES_AGGRESSIVE;
				GCC_WARN_UNUSED_FUNCTION = YES;
				GCC_WARN_UNUSED_VARIABLE = YES;
				MTL_ENABLE_DEBUG_INFO = NO;
				MTL_FAST_MATH = YES;
				SWIFT_COMPILATION_MODE = wholemodule;
				SWIFT_OPTIMIZATION_LEVEL = "-O";
			};
			name = Release;
		};
		308BCFFF25627CDB009E4DEE /* Debug */ = {
			isa = XCBuildConfiguration;
			buildSettings = {
				ASSETCATALOG_COMPILER_APPICON_NAME = AppIcon;
				ASSETCATALOG_COMPILER_GLOBAL_ACCENT_COLOR_NAME = AccentColor;
				CODE_SIGN_ENTITLEMENTS = "My Citadel.entitlements";
				CODE_SIGN_STYLE = Automatic;
				DEVELOPMENT_TEAM = BLS4N8A6L6;
				ENABLE_PREVIEWS = YES;
				INFOPLIST_FILE = iOS/Info.plist;
				IPHONEOS_DEPLOYMENT_TARGET = 14.0;
				LD_RUNPATH_SEARCH_PATHS = (
					"$(inherited)",
					"@executable_path/Frameworks",
				);
				MARKETING_VERSION = 1.0.0;
				PRODUCT_BUNDLE_IDENTIFIER = io.mycitadel.ios;
				PRODUCT_NAME = "My Citadel";
				SDKROOT = iphoneos;
				SUPPORTS_MACCATALYST = NO;
				SWIFT_VERSION = 5.0;
				TARGETED_DEVICE_FAMILY = "1,2";
			};
			name = Debug;
		};
		308BD00025627CDB009E4DEE /* Release */ = {
			isa = XCBuildConfiguration;
			buildSettings = {
				ASSETCATALOG_COMPILER_APPICON_NAME = AppIcon;
				ASSETCATALOG_COMPILER_GLOBAL_ACCENT_COLOR_NAME = AccentColor;
				CODE_SIGN_ENTITLEMENTS = "My Citadel.entitlements";
				CODE_SIGN_STYLE = Automatic;
				DEVELOPMENT_TEAM = BLS4N8A6L6;
				ENABLE_PREVIEWS = YES;
				INFOPLIST_FILE = iOS/Info.plist;
				IPHONEOS_DEPLOYMENT_TARGET = 14.0;
				LD_RUNPATH_SEARCH_PATHS = (
					"$(inherited)",
					"@executable_path/Frameworks",
				);
				MARKETING_VERSION = 1.0.0;
				PRODUCT_BUNDLE_IDENTIFIER = io.mycitadel.ios;
				PRODUCT_NAME = "My Citadel";
				SDKROOT = iphoneos;
				SUPPORTS_MACCATALYST = NO;
				SWIFT_VERSION = 5.0;
				TARGETED_DEVICE_FAMILY = "1,2";
				VALIDATE_PRODUCT = YES;
			};
			name = Release;
		};
		308BD00225627CDB009E4DEE /* Debug */ = {
			isa = XCBuildConfiguration;
			buildSettings = {
				ASSETCATALOG_COMPILER_APPICON_NAME = AppIcon;
				ASSETCATALOG_COMPILER_GLOBAL_ACCENT_COLOR_NAME = AccentColor;
				CODE_SIGN_ENTITLEMENTS = macOS/macOS.entitlements;
				CODE_SIGN_STYLE = Automatic;
				COMBINE_HIDPI_IMAGES = YES;
				DEVELOPMENT_TEAM = BLS4N8A6L6;
				ENABLE_HARDENED_RUNTIME = YES;
				ENABLE_PREVIEWS = YES;
				INFOPLIST_FILE = macOS/Info.plist;
				LD_RUNPATH_SEARCH_PATHS = (
					"$(inherited)",
					"@executable_path/../Frameworks",
				);
				MACOSX_DEPLOYMENT_TARGET = 11.0;
				MARKETING_VERSION = 1.0.0;
				PRODUCT_BUNDLE_IDENTIFIER = io.mycitadel.macos;
				PRODUCT_NAME = "My Citadel";
				SDKROOT = macosx;
				SWIFT_VERSION = 5.0;
			};
			name = Debug;
		};
		308BD00325627CDB009E4DEE /* Release */ = {
			isa = XCBuildConfiguration;
			buildSettings = {
				ASSETCATALOG_COMPILER_APPICON_NAME = AppIcon;
				ASSETCATALOG_COMPILER_GLOBAL_ACCENT_COLOR_NAME = AccentColor;
				CODE_SIGN_ENTITLEMENTS = macOS/macOS.entitlements;
				CODE_SIGN_STYLE = Automatic;
				COMBINE_HIDPI_IMAGES = YES;
				DEVELOPMENT_TEAM = BLS4N8A6L6;
				ENABLE_HARDENED_RUNTIME = YES;
				ENABLE_PREVIEWS = YES;
				INFOPLIST_FILE = macOS/Info.plist;
				LD_RUNPATH_SEARCH_PATHS = (
					"$(inherited)",
					"@executable_path/../Frameworks",
				);
				MACOSX_DEPLOYMENT_TARGET = 11.0;
				MARKETING_VERSION = 1.0.0;
				PRODUCT_BUNDLE_IDENTIFIER = io.mycitadel.macos;
				PRODUCT_NAME = "My Citadel";
				SDKROOT = macosx;
				SWIFT_VERSION = 5.0;
			};
			name = Release;
		};
/* End XCBuildConfiguration section */

/* Begin XCConfigurationList section */
		308BCFE125627CD8009E4DEE /* Build configuration list for PBXProject "My Citadel" */ = {
			isa = XCConfigurationList;
			buildConfigurations = (
				308BCFFC25627CDB009E4DEE /* Debug */,
				308BCFFD25627CDB009E4DEE /* Release */,
			);
			defaultConfigurationIsVisible = 0;
			defaultConfigurationName = Release;
		};
		308BCFFE25627CDB009E4DEE /* Build configuration list for PBXNativeTarget "My Citadel (iOS)" */ = {
			isa = XCConfigurationList;
			buildConfigurations = (
				308BCFFF25627CDB009E4DEE /* Debug */,
				308BD00025627CDB009E4DEE /* Release */,
			);
			defaultConfigurationIsVisible = 0;
			defaultConfigurationName = Release;
		};
		308BD00125627CDB009E4DEE /* Build configuration list for PBXNativeTarget "My Citadel (macOS)" */ = {
			isa = XCConfigurationList;
			buildConfigurations = (
				308BD00225627CDB009E4DEE /* Debug */,
				308BD00325627CDB009E4DEE /* Release */,
			);
			defaultConfigurationIsVisible = 0;
			defaultConfigurationName = Release;
		};
/* End XCConfigurationList section */
	};
	rootObject = 308BCFDE25627CD8009E4DEE /* Project object */;
}
