// !$*UTF8*$!
{
	archiveVersion = 1;
	classes = {
	};
	objectVersion = 52;
	objects = {

/* Begin PBXBuildFile section */
		3007B65525CB783300C936DD /* SelectContract.swift in Sources */ = {isa = PBXBuildFile; fileRef = 3007B65425CB783300C936DD /* SelectContract.swift */; };
		3007B65625CB783300C936DD /* SelectContract.swift in Sources */ = {isa = PBXBuildFile; fileRef = 3007B65425CB783300C936DD /* SelectContract.swift */; };
		3007B65825CBA15500C936DD /* CreateSigner.swift in Sources */ = {isa = PBXBuildFile; fileRef = 3007B65725CBA15500C936DD /* CreateSigner.swift */; };
		3007B65925CBA15500C936DD /* CreateSigner.swift in Sources */ = {isa = PBXBuildFile; fileRef = 3007B65725CBA15500C936DD /* CreateSigner.swift */; };
		30100A5525F15EAE00DB5CD8 /* InvoiceAdvanced.swift in Sources */ = {isa = PBXBuildFile; fileRef = 30100A5425F15EAE00DB5CD8 /* InvoiceAdvanced.swift */; };
		30100A5625F15EAE00DB5CD8 /* InvoiceAdvanced.swift in Sources */ = {isa = PBXBuildFile; fileRef = 30100A5425F15EAE00DB5CD8 /* InvoiceAdvanced.swift */; };
		30100A5A25F2443E00DB5CD8 /* AddressList.swift in Sources */ = {isa = PBXBuildFile; fileRef = 30100A5925F2443E00DB5CD8 /* AddressList.swift */; };
		30100A5B25F2443E00DB5CD8 /* AddressList.swift in Sources */ = {isa = PBXBuildFile; fileRef = 30100A5925F2443E00DB5CD8 /* AddressList.swift */; };
		30100A5D25F25A8600DB5CD8 /* AddressView.swift in Sources */ = {isa = PBXBuildFile; fileRef = 30100A5C25F25A8600DB5CD8 /* AddressView.swift */; };
		30100A5E25F25A8600DB5CD8 /* AddressView.swift in Sources */ = {isa = PBXBuildFile; fileRef = 30100A5C25F25A8600DB5CD8 /* AddressView.swift */; };
		301404EE25EAF28700F4AA07 /* MyCitadelKit.xcframework in Frameworks */ = {isa = PBXBuildFile; fileRef = 304DE95525C741F2008FE0A4 /* MyCitadelKit.xcframework */; };
		301404EF25EAF28700F4AA07 /* MyCitadelKit.xcframework in Embed Frameworks */ = {isa = PBXBuildFile; fileRef = 304DE95525C741F2008FE0A4 /* MyCitadelKit.xcframework */; settings = {ATTRIBUTES = (CodeSignOnCopy, RemoveHeadersOnCopy, ); }; };
		3015232925E5BF1600069C06 /* DisplayExtensions.swift in Sources */ = {isa = PBXBuildFile; fileRef = 3015232825E5BF1600069C06 /* DisplayExtensions.swift */; };
		3015232A25E5BF1600069C06 /* DisplayExtensions.swift in Sources */ = {isa = PBXBuildFile; fileRef = 3015232825E5BF1600069C06 /* DisplayExtensions.swift */; };
		3015233425E66CAA00069C06 /* EntityViews.swift in Sources */ = {isa = PBXBuildFile; fileRef = 3015233325E66CAA00069C06 /* EntityViews.swift */; };
		3015233525E66CAA00069C06 /* EntityViews.swift in Sources */ = {isa = PBXBuildFile; fileRef = 3015233325E66CAA00069C06 /* EntityViews.swift */; };
		3015233825E6EE8900069C06 /* InvoiceCreate.swift in Sources */ = {isa = PBXBuildFile; fileRef = 3015233725E6EE8900069C06 /* InvoiceCreate.swift */; };
		3015233925E6EE8900069C06 /* InvoiceCreate.swift in Sources */ = {isa = PBXBuildFile; fileRef = 3015233725E6EE8900069C06 /* InvoiceCreate.swift */; };
		3037C6CD25F2B4EB00048CDD /* UtxoView.swift in Sources */ = {isa = PBXBuildFile; fileRef = 3037C6CC25F2B4EB00048CDD /* UtxoView.swift */; };
		3037C6CE25F2B4EB00048CDD /* UtxoView.swift in Sources */ = {isa = PBXBuildFile; fileRef = 3037C6CC25F2B4EB00048CDD /* UtxoView.swift */; };
		303D9DA825EFB1C400E2DC6E /* PaymentView.swift in Sources */ = {isa = PBXBuildFile; fileRef = 303D9DA725EFB1C400E2DC6E /* PaymentView.swift */; };
		303D9DA925EFB1C400E2DC6E /* PaymentView.swift in Sources */ = {isa = PBXBuildFile; fileRef = 303D9DA725EFB1C400E2DC6E /* PaymentView.swift */; };
		303D9DAB25EFB29F00E2DC6E /* Controls.swift in Sources */ = {isa = PBXBuildFile; fileRef = 303D9DAA25EFB29F00E2DC6E /* Controls.swift */; };
		303D9DAC25EFB29F00E2DC6E /* Controls.swift in Sources */ = {isa = PBXBuildFile; fileRef = 303D9DAA25EFB29F00E2DC6E /* Controls.swift */; };
		303D9DAE25EFC3F200E2DC6E /* InvoiceDetails.swift in Sources */ = {isa = PBXBuildFile; fileRef = 303D9DAD25EFC3F200E2DC6E /* InvoiceDetails.swift */; };
		303D9DAF25EFC3F200E2DC6E /* InvoiceDetails.swift in Sources */ = {isa = PBXBuildFile; fileRef = 303D9DAD25EFC3F200E2DC6E /* InvoiceDetails.swift */; };
		303D9DB125EFD59F00E2DC6E /* PayslipView.swift in Sources */ = {isa = PBXBuildFile; fileRef = 303D9DB025EFD59F00E2DC6E /* PayslipView.swift */; };
		303D9DB225EFD59F00E2DC6E /* PayslipView.swift in Sources */ = {isa = PBXBuildFile; fileRef = 303D9DB025EFD59F00E2DC6E /* PayslipView.swift */; };
		304DE95625C741F2008FE0A4 /* MyCitadelKit.xcframework in Frameworks */ = {isa = PBXBuildFile; fileRef = 304DE95525C741F2008FE0A4 /* MyCitadelKit.xcframework */; };
		304DE95725C741F2008FE0A4 /* MyCitadelKit.xcframework in Embed Frameworks */ = {isa = PBXBuildFile; fileRef = 304DE95525C741F2008FE0A4 /* MyCitadelKit.xcframework */; settings = {ATTRIBUTES = (CodeSignOnCopy, RemoveHeadersOnCopy, ); }; };
		304DE96925C83D3E008FE0A4 /* AssetsView.swift in Sources */ = {isa = PBXBuildFile; fileRef = 304DE96825C83D3E008FE0A4 /* AssetsView.swift */; };
		304DE96A25C83D3E008FE0A4 /* AssetsView.swift in Sources */ = {isa = PBXBuildFile; fileRef = 304DE96825C83D3E008FE0A4 /* AssetsView.swift */; };
		304DE96C25C87021008FE0A4 /* AssetView.swift in Sources */ = {isa = PBXBuildFile; fileRef = 304DE96B25C87021008FE0A4 /* AssetView.swift */; };
		304DE96D25C87021008FE0A4 /* AssetView.swift in Sources */ = {isa = PBXBuildFile; fileRef = 304DE96B25C87021008FE0A4 /* AssetView.swift */; };
		304DE97025C8997C008FE0A4 /* CodeScanner in Frameworks */ = {isa = PBXBuildFile; productRef = 304DE96F25C8997C008FE0A4 /* CodeScanner */; };
		308BCFF625627CDB009E4DEE /* CitadelApp.swift in Sources */ = {isa = PBXBuildFile; fileRef = 308BCFE325627CD8009E4DEE /* CitadelApp.swift */; };
		308BCFF725627CDB009E4DEE /* CitadelApp.swift in Sources */ = {isa = PBXBuildFile; fileRef = 308BCFE325627CD8009E4DEE /* CitadelApp.swift */; };
		308BCFF825627CDB009E4DEE /* ContentView.swift in Sources */ = {isa = PBXBuildFile; fileRef = 308BCFE425627CD8009E4DEE /* ContentView.swift */; };
		308BCFF925627CDB009E4DEE /* ContentView.swift in Sources */ = {isa = PBXBuildFile; fileRef = 308BCFE425627CD8009E4DEE /* ContentView.swift */; };
		308BCFFA25627CDB009E4DEE /* Assets.xcassets in Resources */ = {isa = PBXBuildFile; fileRef = 308BCFE525627CDB009E4DEE /* Assets.xcassets */; };
		308BCFFB25627CDB009E4DEE /* Assets.xcassets in Resources */ = {isa = PBXBuildFile; fileRef = 308BCFE525627CDB009E4DEE /* Assets.xcassets */; };
		308BD0132562810B009E4DEE /* BalancePager.swift in Sources */ = {isa = PBXBuildFile; fileRef = 308BD0122562810B009E4DEE /* BalancePager.swift */; };
		308BD01825628135009E4DEE /* BalanceCard.swift in Sources */ = {isa = PBXBuildFile; fileRef = 308BD01725628135009E4DEE /* BalanceCard.swift */; };
		308BD01925628135009E4DEE /* BalanceCard.swift in Sources */ = {isa = PBXBuildFile; fileRef = 308BD01725628135009E4DEE /* BalanceCard.swift */; };
		308BD0242562A258009E4DEE /* WalletView.swift in Sources */ = {isa = PBXBuildFile; fileRef = 308BD0232562A258009E4DEE /* WalletView.swift */; };
		308BD0252562A258009E4DEE /* WalletView.swift in Sources */ = {isa = PBXBuildFile; fileRef = 308BD0232562A258009E4DEE /* WalletView.swift */; };
		308BD0292562A3D9009E4DEE /* TransactionView.swift in Sources */ = {isa = PBXBuildFile; fileRef = 308BD0282562A3D9009E4DEE /* TransactionView.swift */; };
		308BD02A2562A3D9009E4DEE /* TransactionView.swift in Sources */ = {isa = PBXBuildFile; fileRef = 308BD0282562A3D9009E4DEE /* TransactionView.swift */; };
		308BD03425631E8A009E4DEE /* CurrentContract.swift in Sources */ = {isa = PBXBuildFile; fileRef = 308BD03325631E8A009E4DEE /* CurrentContract.swift */; };
		308BD03525631E8A009E4DEE /* CurrentContract.swift in Sources */ = {isa = PBXBuildFile; fileRef = 308BD03325631E8A009E4DEE /* CurrentContract.swift */; };
		30A6CEB02563453E002F30B0 /* BalanceList.swift in Sources */ = {isa = PBXBuildFile; fileRef = 30A6CEAF2563453E002F30B0 /* BalanceList.swift */; };
		30A6CEB12563453E002F30B0 /* BalanceList.swift in Sources */ = {isa = PBXBuildFile; fileRef = 30A6CEAF2563453E002F30B0 /* BalanceList.swift */; };
		30A6CEB725634F4A002F30B0 /* AppView.swift in Sources */ = {isa = PBXBuildFile; fileRef = 30A6CEB425634F17002F30B0 /* AppView.swift */; };
		30A6CEBA256351A1002F30B0 /* AppView.swift in Sources */ = {isa = PBXBuildFile; fileRef = 30A6CEB425634F17002F30B0 /* AppView.swift */; };
		30A6CEC225636EC9002F30B0 /* AddKeyring.swift in Sources */ = {isa = PBXBuildFile; fileRef = 30A6CEC125636EC9002F30B0 /* AddKeyring.swift */; };
		30A6CEC325636EC9002F30B0 /* AddKeyring.swift in Sources */ = {isa = PBXBuildFile; fileRef = 30A6CEC125636EC9002F30B0 /* AddKeyring.swift */; };
		30A6CEC725636ECC002F30B0 /* Import.swift in Sources */ = {isa = PBXBuildFile; fileRef = 30A6CEC625636ECC002F30B0 /* Import.swift */; };
		30A6CEC825636ECC002F30B0 /* Import.swift in Sources */ = {isa = PBXBuildFile; fileRef = 30A6CEC625636ECC002F30B0 /* Import.swift */; };
		30A6CED325648935002F30B0 /* BalancePager.swift in Sources */ = {isa = PBXBuildFile; fileRef = 308BD0122562810B009E4DEE /* BalancePager.swift */; };
		30A82FAF25CB32E2002EFA31 /* SheetConfig.swift in Sources */ = {isa = PBXBuildFile; fileRef = 30A82FAE25CB32E2002EFA31 /* SheetConfig.swift */; };
		30A82FB025CB32E2002EFA31 /* SheetConfig.swift in Sources */ = {isa = PBXBuildFile; fileRef = 30A82FAE25CB32E2002EFA31 /* SheetConfig.swift */; };
		30DBF28425EFDDF9006A69F5 /* WalletDetails.swift in Sources */ = {isa = PBXBuildFile; fileRef = 30DBF28325EFDDF9006A69F5 /* WalletDetails.swift */; };
		30DBF28525EFDDF9006A69F5 /* WalletDetails.swift in Sources */ = {isa = PBXBuildFile; fileRef = 30DBF28325EFDDF9006A69F5 /* WalletDetails.swift */; };
/* End PBXBuildFile section */

/* Begin PBXCopyFilesBuildPhase section */
		304DE95825C741F2008FE0A4 /* Embed Frameworks */ = {
			isa = PBXCopyFilesBuildPhase;
			buildActionMask = 2147483647;
			dstPath = "";
			dstSubfolderSpec = 10;
			files = (
				304DE95725C741F2008FE0A4 /* MyCitadelKit.xcframework in Embed Frameworks */,
			);
			name = "Embed Frameworks";
			runOnlyForDeploymentPostprocessing = 0;
		};
		306DD984258E8F2400E8C148 /* Embed Frameworks */ = {
			isa = PBXCopyFilesBuildPhase;
			buildActionMask = 2147483647;
			dstPath = "";
			dstSubfolderSpec = 10;
			files = (
				301404EF25EAF28700F4AA07 /* MyCitadelKit.xcframework in Embed Frameworks */,
			);
			name = "Embed Frameworks";
			runOnlyForDeploymentPostprocessing = 0;
		};
/* End PBXCopyFilesBuildPhase section */

/* Begin PBXFileReference section */
		3007B65425CB783300C936DD /* SelectContract.swift */ = {isa = PBXFileReference; lastKnownFileType = sourcecode.swift; path = SelectContract.swift; sourceTree = "<group>"; };
		3007B65725CBA15500C936DD /* CreateSigner.swift */ = {isa = PBXFileReference; lastKnownFileType = sourcecode.swift; path = CreateSigner.swift; sourceTree = "<group>"; };
		30100A5425F15EAE00DB5CD8 /* InvoiceAdvanced.swift */ = {isa = PBXFileReference; lastKnownFileType = sourcecode.swift; path = InvoiceAdvanced.swift; sourceTree = "<group>"; };
		30100A5925F2443E00DB5CD8 /* AddressList.swift */ = {isa = PBXFileReference; lastKnownFileType = sourcecode.swift; path = AddressList.swift; sourceTree = "<group>"; };
		30100A5C25F25A8600DB5CD8 /* AddressView.swift */ = {isa = PBXFileReference; lastKnownFileType = sourcecode.swift; path = AddressView.swift; sourceTree = "<group>"; };
		3015232825E5BF1600069C06 /* DisplayExtensions.swift */ = {isa = PBXFileReference; lastKnownFileType = sourcecode.swift; path = DisplayExtensions.swift; sourceTree = "<group>"; };
		3015232B25E5C56200069C06 /* Combine.framework */ = {isa = PBXFileReference; lastKnownFileType = wrapper.framework; name = Combine.framework; path = Platforms/iPhoneOS.platform/Developer/SDKs/iPhoneOS14.4.sdk/System/Library/Frameworks/Combine.framework; sourceTree = DEVELOPER_DIR; };
		3015233325E66CAA00069C06 /* EntityViews.swift */ = {isa = PBXFileReference; lastKnownFileType = sourcecode.swift; path = EntityViews.swift; sourceTree = "<group>"; };
		3015233725E6EE8900069C06 /* InvoiceCreate.swift */ = {isa = PBXFileReference; lastKnownFileType = sourcecode.swift; path = InvoiceCreate.swift; sourceTree = "<group>"; };
		3037C6CC25F2B4EB00048CDD /* UtxoView.swift */ = {isa = PBXFileReference; lastKnownFileType = sourcecode.swift; path = UtxoView.swift; sourceTree = "<group>"; };
		303D9DA725EFB1C400E2DC6E /* PaymentView.swift */ = {isa = PBXFileReference; lastKnownFileType = sourcecode.swift; path = PaymentView.swift; sourceTree = "<group>"; };
		303D9DAA25EFB29F00E2DC6E /* Controls.swift */ = {isa = PBXFileReference; lastKnownFileType = sourcecode.swift; path = Controls.swift; sourceTree = "<group>"; };
		303D9DAD25EFC3F200E2DC6E /* InvoiceDetails.swift */ = {isa = PBXFileReference; lastKnownFileType = sourcecode.swift; path = InvoiceDetails.swift; sourceTree = "<group>"; };
		303D9DB025EFD59F00E2DC6E /* PayslipView.swift */ = {isa = PBXFileReference; lastKnownFileType = sourcecode.swift; path = PayslipView.swift; sourceTree = "<group>"; };
		304DE95525C741F2008FE0A4 /* MyCitadelKit.xcframework */ = {isa = PBXFileReference; lastKnownFileType = wrapper.xcframework; name = MyCitadelKit.xcframework; path = "../mycitadel-node/artifacts/MyCitadelKit.xcframework"; sourceTree = "<group>"; };
		304DE96825C83D3E008FE0A4 /* AssetsView.swift */ = {isa = PBXFileReference; lastKnownFileType = sourcecode.swift; path = AssetsView.swift; sourceTree = "<group>"; };
		304DE96B25C87021008FE0A4 /* AssetView.swift */ = {isa = PBXFileReference; lastKnownFileType = sourcecode.swift; path = AssetView.swift; sourceTree = "<group>"; };
		308BCFE325627CD8009E4DEE /* CitadelApp.swift */ = {isa = PBXFileReference; lastKnownFileType = sourcecode.swift; path = CitadelApp.swift; sourceTree = "<group>"; };
		308BCFE425627CD8009E4DEE /* ContentView.swift */ = {isa = PBXFileReference; lastKnownFileType = sourcecode.swift; path = ContentView.swift; sourceTree = "<group>"; };
		308BCFE525627CDB009E4DEE /* Assets.xcassets */ = {isa = PBXFileReference; lastKnownFileType = folder.assetcatalog; path = Assets.xcassets; sourceTree = "<group>"; };
		308BCFEA25627CDB009E4DEE /* My Citadel.app */ = {isa = PBXFileReference; explicitFileType = wrapper.application; includeInIndex = 0; path = "My Citadel.app"; sourceTree = BUILT_PRODUCTS_DIR; };
		308BCFED25627CDB009E4DEE /* Info.plist */ = {isa = PBXFileReference; lastKnownFileType = text.plist.xml; path = Info.plist; sourceTree = "<group>"; };
		308BCFF225627CDB009E4DEE /* My Citadel.app */ = {isa = PBXFileReference; explicitFileType = wrapper.application; includeInIndex = 0; path = "My Citadel.app"; sourceTree = BUILT_PRODUCTS_DIR; };
		308BCFF425627CDB009E4DEE /* Info.plist */ = {isa = PBXFileReference; lastKnownFileType = text.plist.xml; path = Info.plist; sourceTree = "<group>"; };
		308BCFF525627CDB009E4DEE /* macOS.entitlements */ = {isa = PBXFileReference; lastKnownFileType = text.plist.entitlements; path = macOS.entitlements; sourceTree = "<group>"; };
		308BD0122562810B009E4DEE /* BalancePager.swift */ = {isa = PBXFileReference; lastKnownFileType = sourcecode.swift; path = BalancePager.swift; sourceTree = "<group>"; };
		308BD01725628135009E4DEE /* BalanceCard.swift */ = {isa = PBXFileReference; lastKnownFileType = sourcecode.swift; path = BalanceCard.swift; sourceTree = "<group>"; };
		308BD0232562A258009E4DEE /* WalletView.swift */ = {isa = PBXFileReference; lastKnownFileType = sourcecode.swift; path = WalletView.swift; sourceTree = "<group>"; };
		308BD0282562A3D9009E4DEE /* TransactionView.swift */ = {isa = PBXFileReference; lastKnownFileType = sourcecode.swift; path = TransactionView.swift; sourceTree = "<group>"; };
		308BD02D2562C808009E4DEE /* AppView.swift */ = {isa = PBXFileReference; lastKnownFileType = sourcecode.swift; path = AppView.swift; sourceTree = "<group>"; };
		308BD03325631E8A009E4DEE /* CurrentContract.swift */ = {isa = PBXFileReference; lastKnownFileType = sourcecode.swift; path = CurrentContract.swift; sourceTree = "<group>"; };
		30A6CEA325632E0D002F30B0 /* My Citadel.entitlements */ = {isa = PBXFileReference; lastKnownFileType = text.plist.entitlements; path = "My Citadel.entitlements"; sourceTree = "<group>"; };
		30A6CEAF2563453E002F30B0 /* BalanceList.swift */ = {isa = PBXFileReference; lastKnownFileType = sourcecode.swift; path = BalanceList.swift; sourceTree = "<group>"; };
		30A6CEB425634F17002F30B0 /* AppView.swift */ = {isa = PBXFileReference; lastKnownFileType = sourcecode.swift; path = AppView.swift; sourceTree = "<group>"; };
		30A6CEC125636EC9002F30B0 /* AddKeyring.swift */ = {isa = PBXFileReference; lastKnownFileType = sourcecode.swift; path = AddKeyring.swift; sourceTree = "<group>"; };
		30A6CEC625636ECC002F30B0 /* Import.swift */ = {isa = PBXFileReference; lastKnownFileType = sourcecode.swift; path = Import.swift; sourceTree = "<group>"; };
		30A82FAE25CB32E2002EFA31 /* SheetConfig.swift */ = {isa = PBXFileReference; lastKnownFileType = sourcecode.swift; path = SheetConfig.swift; sourceTree = "<group>"; };
		30DBF28325EFDDF9006A69F5 /* WalletDetails.swift */ = {isa = PBXFileReference; lastKnownFileType = sourcecode.swift; path = WalletDetails.swift; sourceTree = "<group>"; };
/* End PBXFileReference section */

/* Begin PBXFrameworksBuildPhase section */
		308BCFE725627CDB009E4DEE /* Frameworks */ = {
			isa = PBXFrameworksBuildPhase;
			buildActionMask = 2147483647;
			files = (
				304DE97025C8997C008FE0A4 /* CodeScanner in Frameworks */,
				304DE95625C741F2008FE0A4 /* MyCitadelKit.xcframework in Frameworks */,
			);
			runOnlyForDeploymentPostprocessing = 0;
		};
		308BCFEF25627CDB009E4DEE /* Frameworks */ = {
			isa = PBXFrameworksBuildPhase;
			buildActionMask = 2147483647;
			files = (
				301404EE25EAF28700F4AA07 /* MyCitadelKit.xcframework in Frameworks */,
			);
			runOnlyForDeploymentPostprocessing = 0;
		};
/* End PBXFrameworksBuildPhase section */

/* Begin PBXGroup section */
		30100A5125F15D9500DB5CD8 /* Import */ = {
			isa = PBXGroup;
			children = (
				30A6CEC625636ECC002F30B0 /* Import.swift */,
				303D9DA725EFB1C400E2DC6E /* PaymentView.swift */,
				303D9DB025EFD59F00E2DC6E /* PayslipView.swift */,
			);
			path = Import;
			sourceTree = "<group>";
		};
		30100A5225F15DB700DB5CD8 /* Create */ = {
			isa = PBXGroup;
			children = (
				3007B65425CB783300C936DD /* SelectContract.swift */,
				308BD03325631E8A009E4DEE /* CurrentContract.swift */,
			);
			path = Create;
			sourceTree = "<group>";
		};
		30100A5325F15E2400DB5CD8 /* Invoice */ = {
			isa = PBXGroup;
			children = (
				3015233725E6EE8900069C06 /* InvoiceCreate.swift */,
				303D9DAD25EFC3F200E2DC6E /* InvoiceDetails.swift */,
				30100A5425F15EAE00DB5CD8 /* InvoiceAdvanced.swift */,
			);
			path = Invoice;
			sourceTree = "<group>";
		};
		30100A5725F1619C00DB5CD8 /* Wallet */ = {
			isa = PBXGroup;
			children = (
				308BD0232562A258009E4DEE /* WalletView.swift */,
				30DBF28325EFDDF9006A69F5 /* WalletDetails.swift */,
				30A6CEAF2563453E002F30B0 /* BalanceList.swift */,
				308BD0122562810B009E4DEE /* BalancePager.swift */,
				308BD01725628135009E4DEE /* BalanceCard.swift */,
				308BD0282562A3D9009E4DEE /* TransactionView.swift */,
				30100A5925F2443E00DB5CD8 /* AddressList.swift */,
				30100A5C25F25A8600DB5CD8 /* AddressView.swift */,
				3037C6CC25F2B4EB00048CDD /* UtxoView.swift */,
			);
			path = Wallet;
			sourceTree = "<group>";
		};
		30100A5825F161E400DB5CD8 /* Asset */ = {
			isa = PBXGroup;
			children = (
				304DE96825C83D3E008FE0A4 /* AssetsView.swift */,
				304DE96B25C87021008FE0A4 /* AssetView.swift */,
				3015233325E66CAA00069C06 /* EntityViews.swift */,
			);
			path = Asset;
			sourceTree = "<group>";
		};
		3015233625E6A72D00069C06 /* Drafts */ = {
			isa = PBXGroup;
			children = (
				308BD02D2562C808009E4DEE /* AppView.swift */,
				30A6CEC125636EC9002F30B0 /* AddKeyring.swift */,
				3007B65725CBA15500C936DD /* CreateSigner.swift */,
			);
			path = Drafts;
			sourceTree = "<group>";
		};
		306DD97A258E8F0E00E8C148 /* Frameworks */ = {
			isa = PBXGroup;
			children = (
				3015232B25E5C56200069C06 /* Combine.framework */,
				304DE95525C741F2008FE0A4 /* MyCitadelKit.xcframework */,
			);
			name = Frameworks;
			sourceTree = "<group>";
		};
		308BCFDD25627CD8009E4DEE = {
			isa = PBXGroup;
			children = (
				308BCFE225627CD8009E4DEE /* Shared */,
				308BCFEC25627CDB009E4DEE /* iOS */,
				308BCFF325627CDB009E4DEE /* macOS */,
				308BCFEB25627CDB009E4DEE /* Products */,
				306DD97A258E8F0E00E8C148 /* Frameworks */,
			);
			sourceTree = "<group>";
		};
		308BCFE225627CD8009E4DEE /* Shared */ = {
			isa = PBXGroup;
			children = (
				3015233625E6A72D00069C06 /* Drafts */,
				308BD03225631E74009E4DEE /* Components */,
				30100A5125F15D9500DB5CD8 /* Import */,
				30100A5225F15DB700DB5CD8 /* Create */,
				30100A5325F15E2400DB5CD8 /* Invoice */,
				30100A5825F161E400DB5CD8 /* Asset */,
				30100A5725F1619C00DB5CD8 /* Wallet */,
				308BCFE325627CD8009E4DEE /* CitadelApp.swift */,
				30A6CEB425634F17002F30B0 /* AppView.swift */,
				308BCFE425627CD8009E4DEE /* ContentView.swift */,
				308BCFE525627CDB009E4DEE /* Assets.xcassets */,
			);
			path = Shared;
			sourceTree = "<group>";
		};
		308BCFEB25627CDB009E4DEE /* Products */ = {
			isa = PBXGroup;
			children = (
				308BCFEA25627CDB009E4DEE /* My Citadel.app */,
				308BCFF225627CDB009E4DEE /* My Citadel.app */,
			);
			name = Products;
			sourceTree = "<group>";
		};
		308BCFEC25627CDB009E4DEE /* iOS */ = {
			isa = PBXGroup;
			children = (
				30A6CEA325632E0D002F30B0 /* My Citadel.entitlements */,
				308BCFED25627CDB009E4DEE /* Info.plist */,
			);
			path = iOS;
			sourceTree = "<group>";
		};
		308BCFF325627CDB009E4DEE /* macOS */ = {
			isa = PBXGroup;
			children = (
				308BCFF425627CDB009E4DEE /* Info.plist */,
				308BCFF525627CDB009E4DEE /* macOS.entitlements */,
			);
			path = macOS;
			sourceTree = "<group>";
		};
		308BD03225631E74009E4DEE /* Components */ = {
			isa = PBXGroup;
			children = (
				3015232825E5BF1600069C06 /* DisplayExtensions.swift */,
				30A82FAE25CB32E2002EFA31 /* SheetConfig.swift */,
				303D9DAA25EFB29F00E2DC6E /* Controls.swift */,
			);
			path = Components;
			sourceTree = "<group>";
		};
/* End PBXGroup section */

/* Begin PBXNativeTarget section */
		308BCFE925627CDB009E4DEE /* My Citadel (iOS) */ = {
			isa = PBXNativeTarget;
			buildConfigurationList = 308BCFFE25627CDB009E4DEE /* Build configuration list for PBXNativeTarget "My Citadel (iOS)" */;
			buildPhases = (
				308BCFE625627CDB009E4DEE /* Sources */,
				308BCFE725627CDB009E4DEE /* Frameworks */,
				308BCFE825627CDB009E4DEE /* Resources */,
				304DE95825C741F2008FE0A4 /* Embed Frameworks */,
			);
			buildRules = (
			);
			dependencies = (
			);
			name = "My Citadel (iOS)";
			packageProductDependencies = (
				304DE96F25C8997C008FE0A4 /* CodeScanner */,
			);
			productName = "My Citadel (iOS)";
			productReference = 308BCFEA25627CDB009E4DEE /* My Citadel.app */;
			productType = "com.apple.product-type.application";
		};
		308BCFF125627CDB009E4DEE /* My Citadel (macOS) */ = {
			isa = PBXNativeTarget;
			buildConfigurationList = 308BD00125627CDB009E4DEE /* Build configuration list for PBXNativeTarget "My Citadel (macOS)" */;
			buildPhases = (
				308BCFEE25627CDB009E4DEE /* Sources */,
				308BCFEF25627CDB009E4DEE /* Frameworks */,
				308BCFF025627CDB009E4DEE /* Resources */,
				306DD984258E8F2400E8C148 /* Embed Frameworks */,
			);
			buildRules = (
			);
			dependencies = (
			);
			name = "My Citadel (macOS)";
			packageProductDependencies = (
			);
			productName = "My Citadel (macOS)";
			productReference = 308BCFF225627CDB009E4DEE /* My Citadel.app */;
			productType = "com.apple.product-type.application";
		};
/* End PBXNativeTarget section */

/* Begin PBXProject section */
		308BCFDE25627CD8009E4DEE /* Project object */ = {
			isa = PBXProject;
			attributes = {
				LastSwiftUpdateCheck = 1220;
				LastUpgradeCheck = 1230;
				TargetAttributes = {
					308BCFE925627CDB009E4DEE = {
						CreatedOnToolsVersion = 12.2;
					};
					308BCFF125627CDB009E4DEE = {
						CreatedOnToolsVersion = 12.2;
					};
				};
			};
			buildConfigurationList = 308BCFE125627CD8009E4DEE /* Build configuration list for PBXProject "My Citadel" */;
			compatibilityVersion = "Xcode 9.3";
			developmentRegion = en;
			hasScannedForEncodings = 0;
			knownRegions = (
				en,
				Base,
			);
			mainGroup = 308BCFDD25627CD8009E4DEE;
			packageReferences = (
				304DE96E25C8997C008FE0A4 /* XCRemoteSwiftPackageReference "CodeScanner" */,
			);
			productRefGroup = 308BCFEB25627CDB009E4DEE /* Products */;
			projectDirPath = "";
			projectRoot = "";
			targets = (
				308BCFE925627CDB009E4DEE /* My Citadel (iOS) */,
				308BCFF125627CDB009E4DEE /* My Citadel (macOS) */,
			);
		};
/* End PBXProject section */

/* Begin PBXResourcesBuildPhase section */
		308BCFE825627CDB009E4DEE /* Resources */ = {
			isa = PBXResourcesBuildPhase;
			buildActionMask = 2147483647;
			files = (
				308BCFFA25627CDB009E4DEE /* Assets.xcassets in Resources */,
			);
			runOnlyForDeploymentPostprocessing = 0;
		};
		308BCFF025627CDB009E4DEE /* Resources */ = {
			isa = PBXResourcesBuildPhase;
			buildActionMask = 2147483647;
			files = (
				308BCFFB25627CDB009E4DEE /* Assets.xcassets in Resources */,
			);
			runOnlyForDeploymentPostprocessing = 0;
		};
/* End PBXResourcesBuildPhase section */

/* Begin PBXSourcesBuildPhase section */
		308BCFE625627CDB009E4DEE /* Sources */ = {
			isa = PBXSourcesBuildPhase;
			buildActionMask = 2147483647;
			files = (
				30100A5A25F2443E00DB5CD8 /* AddressList.swift in Sources */,
				308BCFF825627CDB009E4DEE /* ContentView.swift in Sources */,
				303D9DA825EFB1C400E2DC6E /* PaymentView.swift in Sources */,
				308BD03425631E8A009E4DEE /* CurrentContract.swift in Sources */,
				3015232925E5BF1600069C06 /* DisplayExtensions.swift in Sources */,
				303D9DAB25EFB29F00E2DC6E /* Controls.swift in Sources */,
				3007B65825CBA15500C936DD /* CreateSigner.swift in Sources */,
				308BD0292562A3D9009E4DEE /* TransactionView.swift in Sources */,
				30100A5525F15EAE00DB5CD8 /* InvoiceAdvanced.swift in Sources */,
				30A6CEB02563453E002F30B0 /* BalanceList.swift in Sources */,
				308BCFF625627CDB009E4DEE /* CitadelApp.swift in Sources */,
				308BD0132562810B009E4DEE /* BalancePager.swift in Sources */,
				308BD0242562A258009E4DEE /* WalletView.swift in Sources */,
				30A6CEC825636ECC002F30B0 /* Import.swift in Sources */,
				30A6CEBA256351A1002F30B0 /* AppView.swift in Sources */,
				30A6CEC325636EC9002F30B0 /* AddKeyring.swift in Sources */,
				3037C6CD25F2B4EB00048CDD /* UtxoView.swift in Sources */,
				303D9DB125EFD59F00E2DC6E /* PayslipView.swift in Sources */,
				3015233825E6EE8900069C06 /* InvoiceCreate.swift in Sources */,
				30A82FAF25CB32E2002EFA31 /* SheetConfig.swift in Sources */,
				308BD01825628135009E4DEE /* BalanceCard.swift in Sources */,
				3015233425E66CAA00069C06 /* EntityViews.swift in Sources */,
				303D9DAE25EFC3F200E2DC6E /* InvoiceDetails.swift in Sources */,
				30DBF28425EFDDF9006A69F5 /* WalletDetails.swift in Sources */,
				30100A5D25F25A8600DB5CD8 /* AddressView.swift in Sources */,
				304DE96925C83D3E008FE0A4 /* AssetsView.swift in Sources */,
				3007B65525CB783300C936DD /* SelectContract.swift in Sources */,
				304DE96C25C87021008FE0A4 /* AssetView.swift in Sources */,
			);
			runOnlyForDeploymentPostprocessing = 0;
		};
		308BCFEE25627CDB009E4DEE /* Sources */ = {
			isa = PBXSourcesBuildPhase;
			buildActionMask = 2147483647;
			files = (
				30100A5B25F2443E00DB5CD8 /* AddressList.swift in Sources */,
				308BCFF925627CDB009E4DEE /* ContentView.swift in Sources */,
				303D9DA925EFB1C400E2DC6E /* PaymentView.swift in Sources */,
				308BD03525631E8A009E4DEE /* CurrentContract.swift in Sources */,
				3015232A25E5BF1600069C06 /* DisplayExtensions.swift in Sources */,
				303D9DAC25EFB29F00E2DC6E /* Controls.swift in Sources */,
				3007B65925CBA15500C936DD /* CreateSigner.swift in Sources */,
				308BD02A2562A3D9009E4DEE /* TransactionView.swift in Sources */,
				30100A5625F15EAE00DB5CD8 /* InvoiceAdvanced.swift in Sources */,
				30A6CEB12563453E002F30B0 /* BalanceList.swift in Sources */,
				30A6CEB725634F4A002F30B0 /* AppView.swift in Sources */,
				308BCFF725627CDB009E4DEE /* CitadelApp.swift in Sources */,
				30A6CED325648935002F30B0 /* BalancePager.swift in Sources */,
				30A6CEC725636ECC002F30B0 /* Import.swift in Sources */,
				308BD0252562A258009E4DEE /* WalletView.swift in Sources */,
				30A6CEC225636EC9002F30B0 /* AddKeyring.swift in Sources */,
				3037C6CE25F2B4EB00048CDD /* UtxoView.swift in Sources */,
				303D9DB225EFD59F00E2DC6E /* PayslipView.swift in Sources */,
				3015233925E6EE8900069C06 /* InvoiceCreate.swift in Sources */,
				30A82FB025CB32E2002EFA31 /* SheetConfig.swift in Sources */,
				308BD01925628135009E4DEE /* BalanceCard.swift in Sources */,
				3015233525E66CAA00069C06 /* EntityViews.swift in Sources */,
				303D9DAF25EFC3F200E2DC6E /* InvoiceDetails.swift in Sources */,
				30DBF28525EFDDF9006A69F5 /* WalletDetails.swift in Sources */,
				30100A5E25F25A8600DB5CD8 /* AddressView.swift in Sources */,
				304DE96A25C83D3E008FE0A4 /* AssetsView.swift in Sources */,
				3007B65625CB783300C936DD /* SelectContract.swift in Sources */,
				304DE96D25C87021008FE0A4 /* AssetView.swift in Sources */,
			);
			runOnlyForDeploymentPostprocessing = 0;
		};
/* End PBXSourcesBuildPhase section */

/* Begin XCBuildConfiguration section */
		308BCFFC25627CDB009E4DEE /* Debug */ = {
			isa = XCBuildConfiguration;
			buildSettings = {
				ALWAYS_SEARCH_USER_PATHS = NO;
				CLANG_ANALYZER_NONNULL = YES;
				CLANG_ANALYZER_NUMBER_OBJECT_CONVERSION = YES_AGGRESSIVE;
				CLANG_CXX_LANGUAGE_STANDARD = "gnu++14";
				CLANG_CXX_LIBRARY = "libc++";
				CLANG_ENABLE_MODULES = YES;
				CLANG_ENABLE_OBJC_ARC = YES;
				CLANG_ENABLE_OBJC_WEAK = YES;
				CLANG_WARN_BLOCK_CAPTURE_AUTORELEASING = YES;
				CLANG_WARN_BOOL_CONVERSION = YES;
				CLANG_WARN_COMMA = YES;
				CLANG_WARN_CONSTANT_CONVERSION = YES;
				CLANG_WARN_DEPRECATED_OBJC_IMPLEMENTATIONS = YES;
				CLANG_WARN_DIRECT_OBJC_ISA_USAGE = YES_ERROR;
				CLANG_WARN_DOCUMENTATION_COMMENTS = YES;
				CLANG_WARN_EMPTY_BODY = YES;
				CLANG_WARN_ENUM_CONVERSION = YES;
				CLANG_WARN_INFINITE_RECURSION = YES;
				CLANG_WARN_INT_CONVERSION = YES;
				CLANG_WARN_NON_LITERAL_NULL_CONVERSION = YES;
				CLANG_WARN_OBJC_IMPLICIT_RETAIN_SELF = YES;
				CLANG_WARN_OBJC_LITERAL_CONVERSION = YES;
				CLANG_WARN_OBJC_ROOT_CLASS = YES_ERROR;
				CLANG_WARN_QUOTED_INCLUDE_IN_FRAMEWORK_HEADER = YES;
				CLANG_WARN_RANGE_LOOP_ANALYSIS = YES;
				CLANG_WARN_STRICT_PROTOTYPES = YES;
				CLANG_WARN_SUSPICIOUS_MOVE = YES;
				CLANG_WARN_UNGUARDED_AVAILABILITY = YES_AGGRESSIVE;
				CLANG_WARN_UNREACHABLE_CODE = YES;
				CLANG_WARN__DUPLICATE_METHOD_MATCH = YES;
				COPY_PHASE_STRIP = NO;
				DEBUG_INFORMATION_FORMAT = dwarf;
				ENABLE_STRICT_OBJC_MSGSEND = YES;
				ENABLE_TESTABILITY = YES;
				GCC_C_LANGUAGE_STANDARD = gnu11;
				GCC_DYNAMIC_NO_PIC = NO;
				GCC_NO_COMMON_BLOCKS = YES;
				GCC_OPTIMIZATION_LEVEL = 0;
				GCC_PREPROCESSOR_DEFINITIONS = (
					"DEBUG=1",
					"$(inherited)",
				);
				GCC_WARN_64_TO_32_BIT_CONVERSION = YES;
				GCC_WARN_ABOUT_RETURN_TYPE = YES_ERROR;
				GCC_WARN_UNDECLARED_SELECTOR = YES;
				GCC_WARN_UNINITIALIZED_AUTOS = YES_AGGRESSIVE;
				GCC_WARN_UNUSED_FUNCTION = YES;
				GCC_WARN_UNUSED_VARIABLE = YES;
				MTL_ENABLE_DEBUG_INFO = INCLUDE_SOURCE;
				MTL_FAST_MATH = YES;
				ONLY_ACTIVE_ARCH = YES;
				SWIFT_ACTIVE_COMPILATION_CONDITIONS = DEBUG;
				SWIFT_OPTIMIZATION_LEVEL = "-Onone";
			};
			name = Debug;
		};
		308BCFFD25627CDB009E4DEE /* Release */ = {
			isa = XCBuildConfiguration;
			buildSettings = {
				ALWAYS_SEARCH_USER_PATHS = NO;
				CLANG_ANALYZER_NONNULL = YES;
				CLANG_ANALYZER_NUMBER_OBJECT_CONVERSION = YES_AGGRESSIVE;
				CLANG_CXX_LANGUAGE_STANDARD = "gnu++14";
				CLANG_CXX_LIBRARY = "libc++";
				CLANG_ENABLE_MODULES = YES;
				CLANG_ENABLE_OBJC_ARC = YES;
				CLANG_ENABLE_OBJC_WEAK = YES;
				CLANG_WARN_BLOCK_CAPTURE_AUTORELEASING = YES;
				CLANG_WARN_BOOL_CONVERSION = YES;
				CLANG_WARN_COMMA = YES;
				CLANG_WARN_CONSTANT_CONVERSION = YES;
				CLANG_WARN_DEPRECATED_OBJC_IMPLEMENTATIONS = YES;
				CLANG_WARN_DIRECT_OBJC_ISA_USAGE = YES_ERROR;
				CLANG_WARN_DOCUMENTATION_COMMENTS = YES;
				CLANG_WARN_EMPTY_BODY = YES;
				CLANG_WARN_ENUM_CONVERSION = YES;
				CLANG_WARN_INFINITE_RECURSION = YES;
				CLANG_WARN_INT_CONVERSION = YES;
				CLANG_WARN_NON_LITERAL_NULL_CONVERSION = YES;
				CLANG_WARN_OBJC_IMPLICIT_RETAIN_SELF = YES;
				CLANG_WARN_OBJC_LITERAL_CONVERSION = YES;
				CLANG_WARN_OBJC_ROOT_CLASS = YES_ERROR;
				CLANG_WARN_QUOTED_INCLUDE_IN_FRAMEWORK_HEADER = YES;
				CLANG_WARN_RANGE_LOOP_ANALYSIS = YES;
				CLANG_WARN_STRICT_PROTOTYPES = YES;
				CLANG_WARN_SUSPICIOUS_MOVE = YES;
				CLANG_WARN_UNGUARDED_AVAILABILITY = YES_AGGRESSIVE;
				CLANG_WARN_UNREACHABLE_CODE = YES;
				CLANG_WARN__DUPLICATE_METHOD_MATCH = YES;
				COPY_PHASE_STRIP = NO;
				DEBUG_INFORMATION_FORMAT = "dwarf-with-dsym";
				ENABLE_NS_ASSERTIONS = NO;
				ENABLE_STRICT_OBJC_MSGSEND = YES;
				GCC_C_LANGUAGE_STANDARD = gnu11;
				GCC_NO_COMMON_BLOCKS = YES;
				GCC_WARN_64_TO_32_BIT_CONVERSION = YES;
				GCC_WARN_ABOUT_RETURN_TYPE = YES_ERROR;
				GCC_WARN_UNDECLARED_SELECTOR = YES;
				GCC_WARN_UNINITIALIZED_AUTOS = YES_AGGRESSIVE;
				GCC_WARN_UNUSED_FUNCTION = YES;
				GCC_WARN_UNUSED_VARIABLE = YES;
				MTL_ENABLE_DEBUG_INFO = NO;
				MTL_FAST_MATH = YES;
				SWIFT_COMPILATION_MODE = wholemodule;
				SWIFT_OPTIMIZATION_LEVEL = "-O";
			};
			name = Release;
		};
		308BCFFF25627CDB009E4DEE /* Debug */ = {
			isa = XCBuildConfiguration;
			buildSettings = {
				ASSETCATALOG_COMPILER_APPICON_NAME = AppIcon;
				ASSETCATALOG_COMPILER_GLOBAL_ACCENT_COLOR_NAME = AccentColor;
				CODE_SIGN_ENTITLEMENTS = "iOS/My Citadel.entitlements";
				CODE_SIGN_STYLE = Automatic;
				DEVELOPMENT_TEAM = BLS4N8A6L6;
				ENABLE_BITCODE = NO;
				ENABLE_PREVIEWS = YES;
				FRAMEWORK_SEARCH_PATHS = "../mycitadel-node/artifacts/**";
				INFOPLIST_FILE = iOS/Info.plist;
				IPHONEOS_DEPLOYMENT_TARGET = 14.0;
				LD_RUNPATH_SEARCH_PATHS = (
					"$(inherited)",
					"@executable_path/Frameworks",
				);
				MARKETING_VERSION = 1.0.0;
				PRODUCT_BUNDLE_IDENTIFIER = io.mycitadel.ios;
				PRODUCT_NAME = "My Citadel";
				SDKROOT = iphoneos;
				SUPPORTS_MACCATALYST = NO;
				SWIFT_VERSION = 5.0;
				TARGETED_DEVICE_FAMILY = "1,2";
			};
			name = Debug;
		};
		308BD00025627CDB009E4DEE /* Release */ = {
			isa = XCBuildConfiguration;
			buildSettings = {
				ASSETCATALOG_COMPILER_APPICON_NAME = AppIcon;
				ASSETCATALOG_COMPILER_GLOBAL_ACCENT_COLOR_NAME = AccentColor;
				CODE_SIGN_ENTITLEMENTS = "iOS/My Citadel.entitlements";
				CODE_SIGN_STYLE = Automatic;
				DEVELOPMENT_TEAM = BLS4N8A6L6;
				ENABLE_BITCODE = NO;
				ENABLE_PREVIEWS = YES;
				FRAMEWORK_SEARCH_PATHS = "../mycitadel-node/artifacts/**";
				INFOPLIST_FILE = iOS/Info.plist;
				IPHONEOS_DEPLOYMENT_TARGET = 14.0;
				LD_RUNPATH_SEARCH_PATHS = (
					"$(inherited)",
					"@executable_path/Frameworks",
				);
				MARKETING_VERSION = 1.0.0;
				PRODUCT_BUNDLE_IDENTIFIER = io.mycitadel.ios;
				PRODUCT_NAME = "My Citadel";
				SDKROOT = iphoneos;
				SUPPORTS_MACCATALYST = NO;
				SWIFT_VERSION = 5.0;
				TARGETED_DEVICE_FAMILY = "1,2";
				VALIDATE_PRODUCT = YES;
			};
			name = Release;
		};
		308BD00225627CDB009E4DEE /* Debug */ = {
			isa = XCBuildConfiguration;
			buildSettings = {
				ASSETCATALOG_COMPILER_APPICON_NAME = AppIcon;
				ASSETCATALOG_COMPILER_GLOBAL_ACCENT_COLOR_NAME = AccentColor;
				CODE_SIGN_ENTITLEMENTS = macOS/macOS.entitlements;
				CODE_SIGN_IDENTITY = "Mac Developer";
				CODE_SIGN_STYLE = Automatic;
				COMBINE_HIDPI_IMAGES = YES;
				DEVELOPMENT_TEAM = BLS4N8A6L6;
				ENABLE_HARDENED_RUNTIME = YES;
				ENABLE_PREVIEWS = YES;
				FRAMEWORK_SEARCH_PATHS = "../../lnpbp/rgb-sdk/artifacts/macos";
				INFOPLIST_FILE = macOS/Info.plist;
				LD_RUNPATH_SEARCH_PATHS = (
					"$(inherited)",
					"@executable_path/../Frameworks",
				);
				LIBRARY_SEARCH_PATHS = "../../lnpbp/rgb-sdk/artifacts/macos";
				MACOSX_DEPLOYMENT_TARGET = 11.0;
				MARKETING_VERSION = 1.0.0;
				PRODUCT_BUNDLE_IDENTIFIER = io.mycitadel.macos;
				PRODUCT_NAME = "My Citadel";
				SDKROOT = macosx;
				SWIFT_VERSION = 5.0;
			};
			name = Debug;
		};
		308BD00325627CDB009E4DEE /* Release */ = {
			isa = XCBuildConfiguration;
			buildSettings = {
				ASSETCATALOG_COMPILER_APPICON_NAME = AppIcon;
				ASSETCATALOG_COMPILER_GLOBAL_ACCENT_COLOR_NAME = AccentColor;
				CODE_SIGN_ENTITLEMENTS = macOS/macOS.entitlements;
				CODE_SIGN_IDENTITY = "Mac Developer";
				CODE_SIGN_STYLE = Automatic;
				COMBINE_HIDPI_IMAGES = YES;
				DEVELOPMENT_TEAM = BLS4N8A6L6;
				ENABLE_HARDENED_RUNTIME = YES;
				ENABLE_PREVIEWS = YES;
				FRAMEWORK_SEARCH_PATHS = "../../lnpbp/rgb-sdk/artifacts/macos";
				INFOPLIST_FILE = macOS/Info.plist;
				LD_RUNPATH_SEARCH_PATHS = (
					"$(inherited)",
					"@executable_path/../Frameworks",
				);
				LIBRARY_SEARCH_PATHS = "../../lnpbp/rgb-sdk/artifacts/macos";
				MACOSX_DEPLOYMENT_TARGET = 11.0;
				MARKETING_VERSION = 1.0.0;
				PRODUCT_BUNDLE_IDENTIFIER = io.mycitadel.macos;
				PRODUCT_NAME = "My Citadel";
				SDKROOT = macosx;
				SWIFT_VERSION = 5.0;
			};
			name = Release;
		};
/* End XCBuildConfiguration section */

/* Begin XCConfigurationList section */
		308BCFE125627CD8009E4DEE /* Build configuration list for PBXProject "My Citadel" */ = {
			isa = XCConfigurationList;
			buildConfigurations = (
				308BCFFC25627CDB009E4DEE /* Debug */,
				308BCFFD25627CDB009E4DEE /* Release */,
			);
			defaultConfigurationIsVisible = 0;
			defaultConfigurationName = Release;
		};
		308BCFFE25627CDB009E4DEE /* Build configuration list for PBXNativeTarget "My Citadel (iOS)" */ = {
			isa = XCConfigurationList;
			buildConfigurations = (
				308BCFFF25627CDB009E4DEE /* Debug */,
				308BD00025627CDB009E4DEE /* Release */,
			);
			defaultConfigurationIsVisible = 0;
			defaultConfigurationName = Release;
		};
		308BD00125627CDB009E4DEE /* Build configuration list for PBXNativeTarget "My Citadel (macOS)" */ = {
			isa = XCConfigurationList;
			buildConfigurations = (
				308BD00225627CDB009E4DEE /* Debug */,
				308BD00325627CDB009E4DEE /* Release */,
			);
			defaultConfigurationIsVisible = 0;
			defaultConfigurationName = Release;
		};
/* End XCConfigurationList section */

/* Begin XCRemoteSwiftPackageReference section */
		304DE96E25C8997C008FE0A4 /* XCRemoteSwiftPackageReference "CodeScanner" */ = {
			isa = XCRemoteSwiftPackageReference;
			repositoryURL = "https://github.com/twostraws/CodeScanner";
			requirement = {
				kind = upToNextMajorVersion;
				minimumVersion = 1.0.7;
			};
		};
/* End XCRemoteSwiftPackageReference section */

/* Begin XCSwiftPackageProductDependency section */
		304DE96F25C8997C008FE0A4 /* CodeScanner */ = {
			isa = XCSwiftPackageProductDependency;
			package = 304DE96E25C8997C008FE0A4 /* XCRemoteSwiftPackageReference "CodeScanner" */;
			productName = CodeScanner;
		};
/* End XCSwiftPackageProductDependency section */
	};
	rootObject = 308BCFDE25627CD8009E4DEE /* Project object */;
}
