<?xml version="1.0" encoding="UTF-8"?>
<Scheme
   version = "1.3">
   <BuildAction>
      <BuildActionEntries>
         <BuildActionEntry
            buildForRunning = "YES">
            <BuildableReference
               BuildableIdentifier = "primary"
               BlueprintIdentifier = "308BCFE925627CDB009E4DEE"
               BuildableName = "My Citadel.app"
               BlueprintName = "My Citadel (iOS)"
               ReferencedContainer = "container:My Citadel.xcodeproj">
            </BuildableReference>
         </BuildActionEntry>
      </BuildActionEntries>
   </BuildAction>
   <LaunchAction
      useCustomWorkingDirectory = "NO"
      buildConfiguration = "Debug"
      allowLocationSimulation = "YES">
      <BuildableProductRunnable>
         <BuildableReference
            BuildableIdentifier = "primary"
            BlueprintIdentifier = "308BCFE925627CDB009E4DEE"
            BuildableName = "My Citadel.app"
            BlueprintName = "My Citadel (iOS)"
            ReferencedContainer = "container:My Citadel.xcodeproj">
         </BuildableReference>
      </BuildableProductRunnable>
   </LaunchAction>
</Scheme>
