// !$*UTF8*$!
{
	archiveVersion = 1;
	classes = {
	};
	objectVersion = 50;
	objects = {

/* Begin PBXBuildFile section */
		307DDD0123D066A300FB574F /* PageViewController.swift in Sources */ = {isa = PBXBuildFile; fileRef = 307DDD0023D066A300FB574F /* PageViewController.swift */; };
		307DDD0323D0688000FB574F /* PageControl.swift in Sources */ = {isa = PBXBuildFile; fileRef = 307DDD0223D0688000FB574F /* PageControl.swift */; };
		307DDD0523D0698A00FB574F /* AssetsView.swift in Sources */ = {isa = PBXBuildFile; fileRef = 307DDD0423D0698A00FB574F /* AssetsView.swift */; };
		307DDD0723D0711700FB574F /* TransferView.swift in Sources */ = {isa = PBXBuildFile; fileRef = 307DDD0623D0711600FB574F /* TransferView.swift */; };
		30CA865F23CB821500440EA1 /* AppDelegate.swift in Sources */ = {isa = PBXBuildFile; fileRef = 30CA865E23CB821500440EA1 /* AppDelegate.swift */; };
		30CA866123CB821500440EA1 /* SceneDelegate.swift in Sources */ = {isa = PBXBuildFile; fileRef = 30CA866023CB821500440EA1 /* SceneDelegate.swift */; };
		30CA866323CB821500440EA1 /* ContentView.swift in Sources */ = {isa = PBXBuildFile; fileRef = 30CA866223CB821500440EA1 /* ContentView.swift */; };
		30CA866523CB821700440EA1 /* Assets.xcassets in Resources */ = {isa = PBXBuildFile; fileRef = 30CA866423CB821700440EA1 /* Assets.xcassets */; };
		30CA866823CB821700440EA1 /* Preview Assets.xcassets in Resources */ = {isa = PBXBuildFile; fileRef = 30CA866723CB821700440EA1 /* Preview Assets.xcassets */; };
		30CA866B23CB821700440EA1 /* LaunchScreen.storyboard in Resources */ = {isa = PBXBuildFile; fileRef = 30CA866923CB821700440EA1 /* LaunchScreen.storyboard */; };
/* End PBXBuildFile section */

/* Begin PBXFileReference section */
		307DDD0023D066A300FB574F /* PageViewController.swift */ = {isa = PBXFileReference; lastKnownFileType = sourcecode.swift; path = PageViewController.swift; sourceTree = "<group>"; };
		307DDD0223D0688000FB574F /* PageControl.swift */ = {isa = PBXFileReference; lastKnownFileType = sourcecode.swift; path = PageControl.swift; sourceTree = "<group>"; };
		307DDD0423D0698A00FB574F /* AssetsView.swift */ = {isa = PBXFileReference; lastKnownFileType = sourcecode.swift; path = AssetsView.swift; sourceTree = "<group>"; };
		307DDD0623D0711600FB574F /* TransferView.swift */ = {isa = PBXFileReference; lastKnownFileType = sourcecode.swift; path = TransferView.swift; sourceTree = "<group>"; };
		30CA865B23CB821500440EA1 /* My Citadel.app */ = {isa = PBXFileReference; explicitFileType = wrapper.application; includeInIndex = 0; path = "My Citadel.app"; sourceTree = BUILT_PRODUCTS_DIR; };
		30CA865E23CB821500440EA1 /* AppDelegate.swift */ = {isa = PBXFileReference; lastKnownFileType = sourcecode.swift; path = AppDelegate.swift; sourceTree = "<group>"; };
		30CA866023CB821500440EA1 /* SceneDelegate.swift */ = {isa = PBXFileReference; lastKnownFileType = sourcecode.swift; path = SceneDelegate.swift; sourceTree = "<group>"; };
		30CA866223CB821500440EA1 /* ContentView.swift */ = {isa = PBXFileReference; lastKnownFileType = sourcecode.swift; path = ContentView.swift; sourceTree = "<group>"; };
		30CA866423CB821700440EA1 /* Assets.xcassets */ = {isa = PBXFileReference; lastKnownFileType = folder.assetcatalog; path = Assets.xcassets; sourceTree = "<group>"; };
		30CA866723CB821700440EA1 /* Preview Assets.xcassets */ = {isa = PBXFileReference; lastKnownFileType = folder.assetcatalog; path = "Preview Assets.xcassets"; sourceTree = "<group>"; };
		30CA866A23CB821700440EA1 /* Base */ = {isa = PBXFileReference; lastKnownFileType = file.storyboard; name = Base; path = Base.lproj/LaunchScreen.storyboard; sourceTree = "<group>"; };
		30CA866C23CB821700440EA1 /* Info.plist */ = {isa = PBXFileReference; lastKnownFileType = text.plist.xml; path = Info.plist; sourceTree = "<group>"; };
		30CA867223CBA38000440EA1 /* My Citadel.entitlements */ = {isa = PBXFileReference; lastKnownFileType = text.plist.entitlements; path = "My Citadel.entitlements"; sourceTree = "<group>"; };
/* End PBXFileReference section */

/* Begin PBXFrameworksBuildPhase section */
		30CA865823CB821500440EA1 /* Frameworks */ = {
			isa = PBXFrameworksBuildPhase;
			buildActionMask = 2147483647;
			files = (
			);
			runOnlyForDeploymentPostprocessing = 0;
		};
/* End PBXFrameworksBuildPhase section */

/* Begin PBXGroup section */
		30CA865223CB821500440EA1 = {
			isa = PBXGroup;
			children = (
				30CA865D23CB821500440EA1 /* mycitadel */,
				30CA865C23CB821500440EA1 /* Products */,
			);
			sourceTree = "<group>";
		};
		30CA865C23CB821500440EA1 /* Products */ = {
			isa = PBXGroup;
			children = (
				30CA865B23CB821500440EA1 /* My Citadel.app */,
			);
			name = Products;
			sourceTree = "<group>";
		};
		30CA865D23CB821500440EA1 /* mycitadel */ = {
			isa = PBXGroup;
			children = (
				30CA867223CBA38000440EA1 /* My Citadel.entitlements */,
				30CA865E23CB821500440EA1 /* AppDelegate.swift */,
				30CA866023CB821500440EA1 /* SceneDelegate.swift */,
				30CA866223CB821500440EA1 /* ContentView.swift */,
				307DDD0423D0698A00FB574F /* AssetsView.swift */,
				307DDD0623D0711600FB574F /* TransferView.swift */,
				307DDD0023D066A300FB574F /* PageViewController.swift */,
				307DDD0223D0688000FB574F /* PageControl.swift */,
				30CA866423CB821700440EA1 /* Assets.xcassets */,
				30CA866923CB821700440EA1 /* LaunchScreen.storyboard */,
				30CA866C23CB821700440EA1 /* Info.plist */,
				30CA866623CB821700440EA1 /* Preview Content */,
			);
			path = mycitadel;
			sourceTree = "<group>";
		};
		30CA866623CB821700440EA1 /* Preview Content */ = {
			isa = PBXGroup;
			children = (
				30CA866723CB821700440EA1 /* Preview Assets.xcassets */,
			);
			path = "Preview Content";
			sourceTree = "<group>";
		};
/* End PBXGroup section */

/* Begin PBXNativeTarget section */
		30CA865A23CB821500440EA1 /* mycitadel */ = {
			isa = PBXNativeTarget;
			buildConfigurationList = 30CA866F23CB821700440EA1 /* Build configuration list for PBXNativeTarget "mycitadel" */;
			buildPhases = (
				30CA865723CB821500440EA1 /* Sources */,
				30CA865823CB821500440EA1 /* Frameworks */,
				30CA865923CB821500440EA1 /* Resources */,
			);
			buildRules = (
			);
			dependencies = (
			);
			name = mycitadel;
			productName = mycitadel;
			productReference = 30CA865B23CB821500440EA1 /* My Citadel.app */;
			productType = "com.apple.product-type.application";
		};
/* End PBXNativeTarget section */

/* Begin PBXProject section */
		30CA865323CB821500440EA1 /* Project object */ = {
			isa = PBXProject;
			attributes = {
				LastSwiftUpdateCheck = 1130;
				LastUpgradeCheck = 1220;
				ORGANIZATIONNAME = Datagnition;
				TargetAttributes = {
					30CA865A23CB821500440EA1 = {
						CreatedOnToolsVersion = 11.3;
					};
				};
			};
			buildConfigurationList = 30CA865623CB821500440EA1 /* Build configuration list for PBXProject "mycitadel" */;
			compatibilityVersion = "Xcode 9.3";
			developmentRegion = en;
			hasScannedForEncodings = 0;
			knownRegions = (
				en,
				Base,
			);
			mainGroup = 30CA865223CB821500440EA1;
			productRefGroup = 30CA865C23CB821500440EA1 /* Products */;
			projectDirPath = "";
			projectRoot = "";
			targets = (
				30CA865A23CB821500440EA1 /* mycitadel */,
			);
		};
/* End PBXProject section */

/* Begin PBXResourcesBuildPhase section */
		30CA865923CB821500440EA1 /* Resources */ = {
			isa = PBXResourcesBuildPhase;
			buildActionMask = 2147483647;
			files = (
				30CA866B23CB821700440EA1 /* LaunchScreen.storyboard in Resources */,
				30CA866823CB821700440EA1 /* Preview Assets.xcassets in Resources */,
				30CA866523CB821700440EA1 /* Assets.xcassets in Resources */,
			);
			runOnlyForDeploymentPostprocessing = 0;
		};
/* End PBXResourcesBuildPhase section */

/* Begin PBXSourcesBuildPhase section */
		30CA865723CB821500440EA1 /* Sources */ = {
			isa = PBXSourcesBuildPhase;
			buildActionMask = 2147483647;
			files = (
				307DDD0323D0688000FB574F /* PageControl.swift in Sources */,
				30CA865F23CB821500440EA1 /* AppDelegate.swift in Sources */,
				30CA866123CB821500440EA1 /* SceneDelegate.swift in Sources */,
				30CA866323CB821500440EA1 /* ContentView.swift in Sources */,
				307DDD0123D066A300FB574F /* PageViewController.swift in Sources */,
				307DDD0523D0698A00FB574F /* AssetsView.swift in Sources */,
				307DDD0723D0711700FB574F /* TransferView.swift in Sources */,
			);
			runOnlyForDeploymentPostprocessing = 0;
		};
/* End PBXSourcesBuildPhase section */

/* Begin PBXVariantGroup section */
		30CA866923CB821700440EA1 /* LaunchScreen.storyboard */ = {
			isa = PBXVariantGroup;
			children = (
				30CA866A23CB821700440EA1 /* Base */,
			);
			name = LaunchScreen.storyboard;
			sourceTree = "<group>";
		};
/* End PBXVariantGroup section */

/* Begin XCBuildConfiguration section */
		30CA866D23CB821700440EA1 /* Debug */ = {
			isa = XCBuildConfiguration;
			buildSettings = {
				ALWAYS_SEARCH_USER_PATHS = NO;
				CLANG_ANALYZER_NONNULL = YES;
				CLANG_ANALYZER_NUMBER_OBJECT_CONVERSION = YES_AGGRESSIVE;
				CLANG_CXX_LANGUAGE_STANDARD = "gnu++14";
				CLANG_CXX_LIBRARY = "libc++";
				CLANG_ENABLE_MODULES = YES;
				CLANG_ENABLE_OBJC_ARC = YES;
				CLANG_ENABLE_OBJC_WEAK = YES;
				CLANG_WARN_BLOCK_CAPTURE_AUTORELEASING = YES;
				CLANG_WARN_BOOL_CONVERSION = YES;
				CLANG_WARN_COMMA = YES;
				CLANG_WARN_CONSTANT_CONVERSION = YES;
				CLANG_WARN_DEPRECATED_OBJC_IMPLEMENTATIONS = YES;
				CLANG_WARN_DIRECT_OBJC_ISA_USAGE = YES_ERROR;
				CLANG_WARN_DOCUMENTATION_COMMENTS = YES;
				CLANG_WARN_EMPTY_BODY = YES;
				CLANG_WARN_ENUM_CONVERSION = YES;
				CLANG_WARN_INFINITE_RECURSION = YES;
				CLANG_WARN_INT_CONVERSION = YES;
				CLANG_WARN_NON_LITERAL_NULL_CONVERSION = YES;
				CLANG_WARN_OBJC_IMPLICIT_RETAIN_SELF = YES;
				CLANG_WARN_OBJC_LITERAL_CONVERSION = YES;
				CLANG_WARN_OBJC_ROOT_CLASS = YES_ERROR;
				CLANG_WARN_QUOTED_INCLUDE_IN_FRAMEWORK_HEADER = YES;
				CLANG_WARN_RANGE_LOOP_ANALYSIS = YES;
				CLANG_WARN_STRICT_PROTOTYPES = YES;
				CLANG_WARN_SUSPICIOUS_MOVE = YES;
				CLANG_WARN_UNGUARDED_AVAILABILITY = YES_AGGRESSIVE;
				CLANG_WARN_UNREACHABLE_CODE = YES;
				CLANG_WARN__DUPLICATE_METHOD_MATCH = YES;
				COPY_PHASE_STRIP = NO;
				DEBUG_INFORMATION_FORMAT = dwarf;
				ENABLE_STRICT_OBJC_MSGSEND = YES;
				ENABLE_TESTABILITY = YES;
				GCC_C_LANGUAGE_STANDARD = gnu11;
				GCC_DYNAMIC_NO_PIC = NO;
				GCC_NO_COMMON_BLOCKS = YES;
				GCC_OPTIMIZATION_LEVEL = 0;
				GCC_PREPROCESSOR_DEFINITIONS = (
					"DEBUG=1",
					"$(inherited)",
				);
				GCC_WARN_64_TO_32_BIT_CONVERSION = YES;
				GCC_WARN_ABOUT_RETURN_TYPE = YES_ERROR;
				GCC_WARN_UNDECLARED_SELECTOR = YES;
				GCC_WARN_UNINITIALIZED_AUTOS = YES_AGGRESSIVE;
				GCC_WARN_UNUSED_FUNCTION = YES;
				GCC_WARN_UNUSED_VARIABLE = YES;
				MTL_ENABLE_DEBUG_INFO = INCLUDE_SOURCE;
				MTL_FAST_MATH = YES;
				ONLY_ACTIVE_ARCH = YES;
				SDKROOT = iphoneos;
				SWIFT_ACTIVE_COMPILATION_CONDITIONS = DEBUG;
				SWIFT_OPTIMIZATION_LEVEL = "-Onone";
			};
			name = Debug;
		};
		30CA866E23CB821700440EA1 /* Release */ = {
			isa = XCBuildConfiguration;
			buildSettings = {
				ALWAYS_SEARCH_USER_PATHS = NO;
				CLANG_ANALYZER_NONNULL = YES;
				CLANG_ANALYZER_NUMBER_OBJECT_CONVERSION = YES_AGGRESSIVE;
				CLANG_CXX_LANGUAGE_STANDARD = "gnu++14";
				CLANG_CXX_LIBRARY = "libc++";
				CLANG_ENABLE_MODULES = YES;
				CLANG_ENABLE_OBJC_ARC = YES;
				CLANG_ENABLE_OBJC_WEAK = YES;
				CLANG_WARN_BLOCK_CAPTURE_AUTORELEASING = YES;
				CLANG_WARN_BOOL_CONVERSION = YES;
				CLANG_WARN_COMMA = YES;
				CLANG_WARN_CONSTANT_CONVERSION = YES;
				CLANG_WARN_DEPRECATED_OBJC_IMPLEMENTATIONS = YES;
				CLANG_WARN_DIRECT_OBJC_ISA_USAGE = YES_ERROR;
				CLANG_WARN_DOCUMENTATION_COMMENTS = YES;
				CLANG_WARN_EMPTY_BODY = YES;
				CLANG_WARN_ENUM_CONVERSION = YES;
				CLANG_WARN_INFINITE_RECURSION = YES;
				CLANG_WARN_INT_CONVERSION = YES;
				CLANG_WARN_NON_LITERAL_NULL_CONVERSION = YES;
				CLANG_WARN_OBJC_IMPLICIT_RETAIN_SELF = YES;
				CLANG_WARN_OBJC_LITERAL_CONVERSION = YES;
				CLANG_WARN_OBJC_ROOT_CLASS = YES_ERROR;
				CLANG_WARN_QUOTED_INCLUDE_IN_FRAMEWORK_HEADER = YES;
				CLANG_WARN_RANGE_LOOP_ANALYSIS = YES;
				CLANG_WARN_STRICT_PROTOTYPES = YES;
				CLANG_WARN_SUSPICIOUS_MOVE = YES;
				CLANG_WARN_UNGUARDED_AVAILABILITY = YES_AGGRESSIVE;
				CLANG_WARN_UNREACHABLE_CODE = YES;
				CLANG_WARN__DUPLICATE_METHOD_MATCH = YES;
				COPY_PHASE_STRIP = NO;
				DEBUG_INFORMATION_FORMAT = "dwarf-with-dsym";
				ENABLE_NS_ASSERTIONS = NO;
				ENABLE_STRICT_OBJC_MSGSEND = YES;
				GCC_C_LANGUAGE_STANDARD = gnu11;
				GCC_NO_COMMON_BLOCKS = YES;
				GCC_WARN_64_TO_32_BIT_CONVERSION = YES;
				GCC_WARN_ABOUT_RETURN_TYPE = YES_ERROR;
				GCC_WARN_UNDECLARED_SELECTOR = YES;
				GCC_WARN_UNINITIALIZED_AUTOS = YES_AGGRESSIVE;
				GCC_WARN_UNUSED_FUNCTION = YES;
				GCC_WARN_UNUSED_VARIABLE = YES;
				MTL_ENABLE_DEBUG_INFO = NO;
				MTL_FAST_MATH = YES;
				SDKROOT = iphoneos;
				SWIFT_COMPILATION_MODE = wholemodule;
				SWIFT_OPTIMIZATION_LEVEL = "-O";
				VALIDATE_PRODUCT = YES;
			};
			name = Release;
		};
		30CA867023CB821700440EA1 /* Debug */ = {
			isa = XCBuildConfiguration;
			buildSettings = {
				ASSETCATALOG_COMPILER_APPICON_NAME = AppIcon;
				CODE_SIGN_ENTITLEMENTS = "mycitadel/My Citadel.entitlements";
				CODE_SIGN_STYLE = Automatic;
				CURRENT_PROJECT_VERSION = 2020011601;
				DERIVE_MACCATALYST_PRODUCT_BUNDLE_IDENTIFIER = YES;
				DEVELOPMENT_ASSET_PATHS = "\"mycitadel/Preview Content\"";
				DEVELOPMENT_TEAM = BLS4N8A6L6;
				ENABLE_PREVIEWS = YES;
				INFOPLIST_FILE = mycitadel/Info.plist;
				LD_RUNPATH_SEARCH_PATHS = (
					"$(inherited)",
					"@executable_path/Frameworks",
				);
				MARKETING_VERSION = 1.0.0;
				PRODUCT_BUNDLE_IDENTIFIER = com.datagnition.mycitadel;
				PRODUCT_NAME = "My Citadel";
				SUPPORTS_MACCATALYST = YES;
				SWIFT_VERSION = 5.0;
				TARGETED_DEVICE_FAMILY = "1,2,6";
			};
			name = Debug;
		};
		30CA867123CB821700440EA1 /* Release */ = {
			isa = XCBuildConfiguration;
			buildSettings = {
				ASSETCATALOG_COMPILER_APPICON_NAME = AppIcon;
				CODE_SIGN_ENTITLEMENTS = "mycitadel/My Citadel.entitlements";
				CODE_SIGN_STYLE = Automatic;
				CURRENT_PROJECT_VERSION = 2020011601;
				DERIVE_MACCATALYST_PRODUCT_BUNDLE_IDENTIFIER = YES;
				DEVELOPMENT_ASSET_PATHS = "\"mycitadel/Preview Content\"";
				DEVELOPMENT_TEAM = BLS4N8A6L6;
				ENABLE_PREVIEWS = YES;
				INFOPLIST_FILE = mycitadel/Info.plist;
				LD_RUNPATH_SEARCH_PATHS = (
					"$(inherited)",
					"@executable_path/Frameworks",
				);
				MARKETING_VERSION = 1.0.0;
				PRODUCT_BUNDLE_IDENTIFIER = com.datagnition.mycitadel;
				PRODUCT_NAME = "My Citadel";
				SUPPORTS_MACCATALYST = YES;
				SWIFT_VERSION = 5.0;
				TARGETED_DEVICE_FAMILY = "1,2,6";
			};
			name = Release;
		};
/* End XCBuildConfiguration section */

/* Begin XCConfigurationList section */
		30CA865623CB821500440EA1 /* Build configuration list for PBXProject "mycitadel" */ = {
			isa = XCConfigurationList;
			buildConfigurations = (
				30CA866D23CB821700440EA1 /* Debug */,
				30CA866E23CB821700440EA1 /* Release */,
			);
			defaultConfigurationIsVisible = 0;
			defaultConfigurationName = Release;
		};
		30CA866F23CB821700440EA1 /* Build configuration list for PBXNativeTarget "mycitadel" */ = {
			isa = XCConfigurationList;
			buildConfigurations = (
				30CA867023CB821700440EA1 /* Debug */,
				30CA867123CB821700440EA1 /* Release */,
			);
			defaultConfigurationIsVisible = 0;
			defaultConfigurationName = Release;
		};
/* End XCConfigurationList section */
	};
	rootObject = 30CA865323CB821500440EA1 /* Project object */;
}
